
Microsoft Visual Studio Solution File, Format Version 10.00
# Visual Studio 2008
Project("{8BC9CEB8-8B4A-11D0-8D11-00A0C91BC942}") = "upnpLib90", "upnpLib90.vcproj", "{313EDA74-70F6-481B-8F05-C49A16481905}"
EndProject
Global
	GlobalSection(SolutionConfigurationPlatforms) = preSolution
		debug90|Win32 = debug90|Win32
		Release|Win32 = Release|Win32
	EndGlobalSection
	GlobalSection(ProjectConfigurationPlatforms) = postSolution
		{313EDA74-70F6-481B-8F05-C49A16481905}.debug90|Win32.ActiveCfg = debug90|Win32
		{313EDA74-70F6-481B-8F05-C49A16481905}.debug90|Win32.Build.0 = debug90|Win32
		{313EDA74-70F6-481B-8F05-C49A16481905}.Release|Win32.ActiveCfg = Release|Win32
		{313EDA74-70F6-481B-8F05-C49A16481905}.Release|Win32.Build.0 = Release|Win32
	EndGlobalSection
	GlobalSection(SolutionProperties) = preSolution
		HideSolutionNode = FALSE
	EndGlobalSection
EndGlobal
