
Microsoft Visual Studio Solution File, Format Version 10.00
# Visual Studio 2008
Project("{8BC9CEB8-8B4A-11D0-8D11-00A0C91BC942}") = "ResizableLib", "ResizableLib.vcproj", "{970E1357-2243-44D5-BC8D-FA639549AC19}"
EndProject
Global
	GlobalSection(SolutionConfigurationPlatforms) = preSolution
		Debug Static|Win32 = Debug Static|Win32
		Debug|Win32 = Debug|Win32
		Release Static|Win32 = Release Static|Win32
		Release|Win32 = Release|Win32
	EndGlobalSection
	GlobalSection(ProjectConfigurationPlatforms) = postSolution
		{970E1357-2243-44D5-BC8D-FA639549AC19}.Debug Static|Win32.ActiveCfg = Debug Static|Win32
		{970E1357-2243-44D5-BC8D-FA639549AC19}.Debug Static|Win32.Build.0 = Debug Static|Win32
		{970E1357-2243-44D5-BC8D-FA639549AC19}.Debug|Win32.ActiveCfg = Debug|Win32
		{970E1357-2243-44D5-BC8D-FA639549AC19}.Debug|Win32.Build.0 = Debug|Win32
		{970E1357-2243-44D5-BC8D-FA639549AC19}.Release Static|Win32.ActiveCfg = Release Static|Win32
		{970E1357-2243-44D5-BC8D-FA639549AC19}.Release Static|Win32.Build.0 = Release Static|Win32
		{970E1357-2243-44D5-BC8D-FA639549AC19}.Release|Win32.ActiveCfg = Release|Win32
		{970E1357-2243-44D5-BC8D-FA639549AC19}.Release|Win32.Build.0 = Release|Win32
	EndGlobalSection
	GlobalSection(SolutionProperties) = preSolution
		HideSolutionNode = FALSE
	EndGlobalSection
EndGlobal
