
Microsoft Visual Studio Solution File, Format Version 11.00
# Visual Studio 2010
Project("{8BC9CEB8-8B4A-11D0-8D11-00A0C91BC942}") = "eMule_AdnzA", "emule.vcxproj", "{584EA69D-3443-4197-8994-364880FC1B9B}"
	ProjectSection(ProjectDependencies) = postProject
		{8FEC2660-7F95-4C2E-8747-36176E1FCF82} = {8FEC2660-7F95-4C2E-8747-36176E1FCF82}
	EndProjectSection
EndProject
Project("{8BC9CEB8-8B4A-11D0-8D11-00A0C91BC942}") = "cryptlib", "..\cryptopp\cryptlib.vcxproj", "{3423EC9A-52E4-4A4D-9753-EDEBC38785EF}"
EndProject
Project("{8BC9CEB8-8B4A-11D0-8D11-00A0C91BC942}") = "id3lib", "..\id3lib\libprj\id3lib.vcxproj", "{4517F5AC-6378-44C5-9794-B7700488F159}"
EndProject
Project("{8BC9CEB8-8B4A-11D0-8D11-00A0C91BC942}") = "libpng", "..\libpng\projects\visualc9\libpng.vcxproj", "{0008960E-E0DD-41A6-8265-00B31DDB4C21}"
EndProject
Project("{8BC9CEB8-8B4A-11D0-8D11-00A0C91BC942}") = "ResizableLib", "..\ResizableLib\ResizableLib.vcxproj", "{970E1357-2243-44D5-BC8D-FA639549AC19}"
EndProject
Project("{8BC9CEB8-8B4A-11D0-8D11-00A0C91BC942}") = "upnpLib", "upnplib\win32project\upnpLib90.vcxproj", "{313EDA74-70F6-481B-8F05-C49A16481905}"
EndProject
Project("{8BC9CEB8-8B4A-11D0-8D11-00A0C91BC942}") = "pthread", "pthreads\pthreads\pthread90.vcxproj", "{98A1AD27-110A-4C3E-AF0C-4F967E536517}"
EndProject
Project("{8BC9CEB8-8B4A-11D0-8D11-00A0C91BC942}") = "miniupnpc", "miniupnpc\miniupnpc_vc9.vcxproj", "{CC763AB0-5EBF-4A3F-884D-F5E2D12E12F3}"
EndProject
Project("{8BC9CEB8-8B4A-11D0-8D11-00A0C91BC942}") = "cximage", "CxImage\cximage90.vcxproj", "{8FEC2660-7F95-4C2E-8747-36176E1FCF82}"
EndProject
Project("{8BC9CEB8-8B4A-11D0-8D11-00A0C91BC942}") = "zlib", "..\zlib\projects\visualc6\zlib.vcxproj", "{3CF9AC37-AFDB-F05E-1047-F502A76E870D}"
EndProject
Global
	GlobalSection(SolutionConfigurationPlatforms) = preSolution
		ADU|Win32 = ADU|Win32
		ADU|x64 = ADU|x64
		ADU|x86 = ADU|x86
		DLL ASM Debug|Win32 = DLL ASM Debug|Win32
		DLL ASM Debug|x64 = DLL ASM Debug|x64
		DLL ASM Debug|x86 = DLL ASM Debug|x86
		DLL ASM Release|Win32 = DLL ASM Release|Win32
		DLL ASM Release|x64 = DLL ASM Release|x64
		DLL ASM Release|x86 = DLL ASM Release|x86
		DLL Debug|Win32 = DLL Debug|Win32
		DLL Debug|x64 = DLL Debug|x64
		DLL Debug|x86 = DLL Debug|x86
		DLL Release|Win32 = DLL Release|Win32
		DLL Release|x64 = DLL Release|x64
		DLL Release|x86 = DLL Release|x86
		LIB ASM Debug|Win32 = LIB ASM Debug|Win32
		LIB ASM Debug|x64 = LIB ASM Debug|x64
		LIB ASM Debug|x86 = LIB ASM Debug|x86
		LIB ASM Release|Win32 = LIB ASM Release|Win32
		LIB ASM Release|x64 = LIB ASM Release|x64
		LIB ASM Release|x86 = LIB ASM Release|x86
		LIB Debug|Win32 = LIB Debug|Win32
		LIB Debug|x64 = LIB Debug|x64
		LIB Debug|x86 = LIB Debug|x86
		LIB Release|Win32 = LIB Release|Win32
		LIB Release|x64 = LIB Release|x64
		LIB Release|x86 = LIB Release|x86
	EndGlobalSection
	GlobalSection(ProjectConfigurationPlatforms) = postSolution
		{584EA69D-3443-4197-8994-364880FC1B9B}.ADU|Win32.ActiveCfg = ADU|Win32
		{584EA69D-3443-4197-8994-364880FC1B9B}.ADU|Win32.Build.0 = ADU|Win32
		{584EA69D-3443-4197-8994-364880FC1B9B}.ADU|x64.ActiveCfg = ADU|x64
		{584EA69D-3443-4197-8994-364880FC1B9B}.ADU|x64.Build.0 = ADU|x64
		{584EA69D-3443-4197-8994-364880FC1B9B}.ADU|x86.ActiveCfg = ADU|Win32
		{584EA69D-3443-4197-8994-364880FC1B9B}.ADU|x86.Build.0 = ADU|Win32
		{584EA69D-3443-4197-8994-364880FC1B9B}.DLL ASM Debug|Win32.ActiveCfg = Template|x64
		{584EA69D-3443-4197-8994-364880FC1B9B}.DLL ASM Debug|x64.ActiveCfg = Template|x64
		{584EA69D-3443-4197-8994-364880FC1B9B}.DLL ASM Debug|x64.Build.0 = Template|x64
		{584EA69D-3443-4197-8994-364880FC1B9B}.DLL ASM Debug|x86.ActiveCfg = Template|x64
		{584EA69D-3443-4197-8994-364880FC1B9B}.DLL ASM Release|Win32.ActiveCfg = Template|x64
		{584EA69D-3443-4197-8994-364880FC1B9B}.DLL ASM Release|x64.ActiveCfg = Template|x64
		{584EA69D-3443-4197-8994-364880FC1B9B}.DLL ASM Release|x64.Build.0 = Template|x64
		{584EA69D-3443-4197-8994-364880FC1B9B}.DLL ASM Release|x86.ActiveCfg = Template|x64
		{584EA69D-3443-4197-8994-364880FC1B9B}.DLL Debug|Win32.ActiveCfg = Template|x64
		{584EA69D-3443-4197-8994-364880FC1B9B}.DLL Debug|x64.ActiveCfg = Template|x64
		{584EA69D-3443-4197-8994-364880FC1B9B}.DLL Debug|x64.Build.0 = Template|x64
		{584EA69D-3443-4197-8994-364880FC1B9B}.DLL Debug|x86.ActiveCfg = Template|x64
		{584EA69D-3443-4197-8994-364880FC1B9B}.DLL Release|Win32.ActiveCfg = Template|x64
		{584EA69D-3443-4197-8994-364880FC1B9B}.DLL Release|x64.ActiveCfg = Template|x64
		{584EA69D-3443-4197-8994-364880FC1B9B}.DLL Release|x64.Build.0 = Template|x64
		{584EA69D-3443-4197-8994-364880FC1B9B}.DLL Release|x86.ActiveCfg = Template|x64
		{584EA69D-3443-4197-8994-364880FC1B9B}.LIB ASM Debug|Win32.ActiveCfg = Template|x64
		{584EA69D-3443-4197-8994-364880FC1B9B}.LIB ASM Debug|x64.ActiveCfg = Template|x64
		{584EA69D-3443-4197-8994-364880FC1B9B}.LIB ASM Debug|x64.Build.0 = Template|x64
		{584EA69D-3443-4197-8994-364880FC1B9B}.LIB ASM Debug|x86.ActiveCfg = Template|x64
		{584EA69D-3443-4197-8994-364880FC1B9B}.LIB ASM Release|Win32.ActiveCfg = Template|x64
		{584EA69D-3443-4197-8994-364880FC1B9B}.LIB ASM Release|x64.ActiveCfg = Template|x64
		{584EA69D-3443-4197-8994-364880FC1B9B}.LIB ASM Release|x64.Build.0 = Template|x64
		{584EA69D-3443-4197-8994-364880FC1B9B}.LIB ASM Release|x86.ActiveCfg = Template|x64
		{584EA69D-3443-4197-8994-364880FC1B9B}.LIB Debug|Win32.ActiveCfg = Template|x64
		{584EA69D-3443-4197-8994-364880FC1B9B}.LIB Debug|x64.ActiveCfg = Template|x64
		{584EA69D-3443-4197-8994-364880FC1B9B}.LIB Debug|x64.Build.0 = Template|x64
		{584EA69D-3443-4197-8994-364880FC1B9B}.LIB Debug|x86.ActiveCfg = Template|x64
		{584EA69D-3443-4197-8994-364880FC1B9B}.LIB Release|Win32.ActiveCfg = Template|x64
		{584EA69D-3443-4197-8994-364880FC1B9B}.LIB Release|x64.ActiveCfg = Template|x64
		{584EA69D-3443-4197-8994-364880FC1B9B}.LIB Release|x64.Build.0 = Template|x64
		{584EA69D-3443-4197-8994-364880FC1B9B}.LIB Release|x86.ActiveCfg = Template|x64
		{3423EC9A-52E4-4A4D-9753-EDEBC38785EF}.ADU|Win32.ActiveCfg = Release|x64
		{3423EC9A-52E4-4A4D-9753-EDEBC38785EF}.ADU|x64.ActiveCfg = Release|x64
		{3423EC9A-52E4-4A4D-9753-EDEBC38785EF}.ADU|x64.Build.0 = Release|x64
		{3423EC9A-52E4-4A4D-9753-EDEBC38785EF}.ADU|x86.ActiveCfg = Release|Win32
		{3423EC9A-52E4-4A4D-9753-EDEBC38785EF}.ADU|x86.Build.0 = Release|Win32
		{3423EC9A-52E4-4A4D-9753-EDEBC38785EF}.DLL ASM Debug|Win32.ActiveCfg = Debug|Win32
		{3423EC9A-52E4-4A4D-9753-EDEBC38785EF}.DLL ASM Debug|Win32.Build.0 = Debug|Win32
		{3423EC9A-52E4-4A4D-9753-EDEBC38785EF}.DLL ASM Debug|x64.ActiveCfg = Debug|x64
		{3423EC9A-52E4-4A4D-9753-EDEBC38785EF}.DLL ASM Debug|x64.Build.0 = Debug|x64
		{3423EC9A-52E4-4A4D-9753-EDEBC38785EF}.DLL ASM Debug|x86.ActiveCfg = Debug|x64
		{3423EC9A-52E4-4A4D-9753-EDEBC38785EF}.DLL ASM Release|Win32.ActiveCfg = Release|Win32
		{3423EC9A-52E4-4A4D-9753-EDEBC38785EF}.DLL ASM Release|Win32.Build.0 = Release|Win32
		{3423EC9A-52E4-4A4D-9753-EDEBC38785EF}.DLL ASM Release|x64.ActiveCfg = Release|x64
		{3423EC9A-52E4-4A4D-9753-EDEBC38785EF}.DLL ASM Release|x64.Build.0 = Release|x64
		{3423EC9A-52E4-4A4D-9753-EDEBC38785EF}.DLL ASM Release|x86.ActiveCfg = Release|x64
		{3423EC9A-52E4-4A4D-9753-EDEBC38785EF}.DLL Debug|Win32.ActiveCfg = Debug|Win32
		{3423EC9A-52E4-4A4D-9753-EDEBC38785EF}.DLL Debug|Win32.Build.0 = Debug|Win32
		{3423EC9A-52E4-4A4D-9753-EDEBC38785EF}.DLL Debug|x64.ActiveCfg = Debug|x64
		{3423EC9A-52E4-4A4D-9753-EDEBC38785EF}.DLL Debug|x64.Build.0 = Debug|x64
		{3423EC9A-52E4-4A4D-9753-EDEBC38785EF}.DLL Debug|x86.ActiveCfg = Debug|x64
		{3423EC9A-52E4-4A4D-9753-EDEBC38785EF}.DLL Release|Win32.ActiveCfg = Release|Win32
		{3423EC9A-52E4-4A4D-9753-EDEBC38785EF}.DLL Release|Win32.Build.0 = Release|Win32
		{3423EC9A-52E4-4A4D-9753-EDEBC38785EF}.DLL Release|x64.ActiveCfg = Release|x64
		{3423EC9A-52E4-4A4D-9753-EDEBC38785EF}.DLL Release|x64.Build.0 = Release|x64
		{3423EC9A-52E4-4A4D-9753-EDEBC38785EF}.DLL Release|x86.ActiveCfg = Release|x64
		{3423EC9A-52E4-4A4D-9753-EDEBC38785EF}.LIB ASM Debug|Win32.ActiveCfg = Debug|Win32
		{3423EC9A-52E4-4A4D-9753-EDEBC38785EF}.LIB ASM Debug|Win32.Build.0 = Debug|Win32
		{3423EC9A-52E4-4A4D-9753-EDEBC38785EF}.LIB ASM Debug|x64.ActiveCfg = Debug|x64
		{3423EC9A-52E4-4A4D-9753-EDEBC38785EF}.LIB ASM Debug|x64.Build.0 = Debug|x64
		{3423EC9A-52E4-4A4D-9753-EDEBC38785EF}.LIB ASM Debug|x86.ActiveCfg = Debug|x64
		{3423EC9A-52E4-4A4D-9753-EDEBC38785EF}.LIB ASM Release|Win32.ActiveCfg = Release|Win32
		{3423EC9A-52E4-4A4D-9753-EDEBC38785EF}.LIB ASM Release|Win32.Build.0 = Release|Win32
		{3423EC9A-52E4-4A4D-9753-EDEBC38785EF}.LIB ASM Release|x64.ActiveCfg = Release|x64
		{3423EC9A-52E4-4A4D-9753-EDEBC38785EF}.LIB ASM Release|x64.Build.0 = Release|x64
		{3423EC9A-52E4-4A4D-9753-EDEBC38785EF}.LIB ASM Release|x86.ActiveCfg = Release|x64
		{3423EC9A-52E4-4A4D-9753-EDEBC38785EF}.LIB Debug|Win32.ActiveCfg = Debug|Win32
		{3423EC9A-52E4-4A4D-9753-EDEBC38785EF}.LIB Debug|Win32.Build.0 = Debug|Win32
		{3423EC9A-52E4-4A4D-9753-EDEBC38785EF}.LIB Debug|x64.ActiveCfg = Debug|x64
		{3423EC9A-52E4-4A4D-9753-EDEBC38785EF}.LIB Debug|x64.Build.0 = Debug|x64
		{3423EC9A-52E4-4A4D-9753-EDEBC38785EF}.LIB Debug|x86.ActiveCfg = Debug|x64
		{3423EC9A-52E4-4A4D-9753-EDEBC38785EF}.LIB Release|Win32.ActiveCfg = Release|Win32
		{3423EC9A-52E4-4A4D-9753-EDEBC38785EF}.LIB Release|Win32.Build.0 = Release|Win32
		{3423EC9A-52E4-4A4D-9753-EDEBC38785EF}.LIB Release|x64.ActiveCfg = Release|x64
		{3423EC9A-52E4-4A4D-9753-EDEBC38785EF}.LIB Release|x64.Build.0 = Release|x64
		{3423EC9A-52E4-4A4D-9753-EDEBC38785EF}.LIB Release|x86.ActiveCfg = Release|x64
		{4517F5AC-6378-44C5-9794-B7700488F159}.ADU|Win32.ActiveCfg = Release|x64
		{4517F5AC-6378-44C5-9794-B7700488F159}.ADU|x64.ActiveCfg = Release|x64
		{4517F5AC-6378-44C5-9794-B7700488F159}.ADU|x64.Build.0 = Release|x64
		{4517F5AC-6378-44C5-9794-B7700488F159}.ADU|x86.ActiveCfg = Release|Win32
		{4517F5AC-6378-44C5-9794-B7700488F159}.ADU|x86.Build.0 = Release|Win32
		{4517F5AC-6378-44C5-9794-B7700488F159}.DLL ASM Debug|Win32.ActiveCfg = Debug|Win32
		{4517F5AC-6378-44C5-9794-B7700488F159}.DLL ASM Debug|Win32.Build.0 = Debug|Win32
		{4517F5AC-6378-44C5-9794-B7700488F159}.DLL ASM Debug|x64.ActiveCfg = Debug|x64
		{4517F5AC-6378-44C5-9794-B7700488F159}.DLL ASM Debug|x64.Build.0 = Debug|x64
		{4517F5AC-6378-44C5-9794-B7700488F159}.DLL ASM Debug|x86.ActiveCfg = Debug|x64
		{4517F5AC-6378-44C5-9794-B7700488F159}.DLL ASM Release|Win32.ActiveCfg = Release|Win32
		{4517F5AC-6378-44C5-9794-B7700488F159}.DLL ASM Release|Win32.Build.0 = Release|Win32
		{4517F5AC-6378-44C5-9794-B7700488F159}.DLL ASM Release|x64.ActiveCfg = Release|x64
		{4517F5AC-6378-44C5-9794-B7700488F159}.DLL ASM Release|x64.Build.0 = Release|x64
		{4517F5AC-6378-44C5-9794-B7700488F159}.DLL ASM Release|x86.ActiveCfg = Release|x64
		{4517F5AC-6378-44C5-9794-B7700488F159}.DLL Debug|Win32.ActiveCfg = Debug|Win32
		{4517F5AC-6378-44C5-9794-B7700488F159}.DLL Debug|Win32.Build.0 = Debug|Win32
		{4517F5AC-6378-44C5-9794-B7700488F159}.DLL Debug|x64.ActiveCfg = Debug|x64
		{4517F5AC-6378-44C5-9794-B7700488F159}.DLL Debug|x64.Build.0 = Debug|x64
		{4517F5AC-6378-44C5-9794-B7700488F159}.DLL Debug|x86.ActiveCfg = Debug|x64
		{4517F5AC-6378-44C5-9794-B7700488F159}.DLL Release|Win32.ActiveCfg = Release|Win32
		{4517F5AC-6378-44C5-9794-B7700488F159}.DLL Release|Win32.Build.0 = Release|Win32
		{4517F5AC-6378-44C5-9794-B7700488F159}.DLL Release|x64.ActiveCfg = Release|x64
		{4517F5AC-6378-44C5-9794-B7700488F159}.DLL Release|x64.Build.0 = Release|x64
		{4517F5AC-6378-44C5-9794-B7700488F159}.DLL Release|x86.ActiveCfg = Release|x64
		{4517F5AC-6378-44C5-9794-B7700488F159}.LIB ASM Debug|Win32.ActiveCfg = Debug|Win32
		{4517F5AC-6378-44C5-9794-B7700488F159}.LIB ASM Debug|Win32.Build.0 = Debug|Win32
		{4517F5AC-6378-44C5-9794-B7700488F159}.LIB ASM Debug|x64.ActiveCfg = Debug|x64
		{4517F5AC-6378-44C5-9794-B7700488F159}.LIB ASM Debug|x64.Build.0 = Debug|x64
		{4517F5AC-6378-44C5-9794-B7700488F159}.LIB ASM Debug|x86.ActiveCfg = Debug|x64
		{4517F5AC-6378-44C5-9794-B7700488F159}.LIB ASM Release|Win32.ActiveCfg = Release|Win32
		{4517F5AC-6378-44C5-9794-B7700488F159}.LIB ASM Release|Win32.Build.0 = Release|Win32
		{4517F5AC-6378-44C5-9794-B7700488F159}.LIB ASM Release|x64.ActiveCfg = Release|x64
		{4517F5AC-6378-44C5-9794-B7700488F159}.LIB ASM Release|x64.Build.0 = Release|x64
		{4517F5AC-6378-44C5-9794-B7700488F159}.LIB ASM Release|x86.ActiveCfg = Release|x64
		{4517F5AC-6378-44C5-9794-B7700488F159}.LIB Debug|Win32.ActiveCfg = Debug|Win32
		{4517F5AC-6378-44C5-9794-B7700488F159}.LIB Debug|Win32.Build.0 = Debug|Win32
		{4517F5AC-6378-44C5-9794-B7700488F159}.LIB Debug|x64.ActiveCfg = Debug|x64
		{4517F5AC-6378-44C5-9794-B7700488F159}.LIB Debug|x64.Build.0 = Debug|x64
		{4517F5AC-6378-44C5-9794-B7700488F159}.LIB Debug|x86.ActiveCfg = Debug|x64
		{4517F5AC-6378-44C5-9794-B7700488F159}.LIB Release|Win32.ActiveCfg = Release|Win32
		{4517F5AC-6378-44C5-9794-B7700488F159}.LIB Release|Win32.Build.0 = Release|Win32
		{4517F5AC-6378-44C5-9794-B7700488F159}.LIB Release|x64.ActiveCfg = Release|x64
		{4517F5AC-6378-44C5-9794-B7700488F159}.LIB Release|x64.Build.0 = Release|x64
		{4517F5AC-6378-44C5-9794-B7700488F159}.LIB Release|x86.ActiveCfg = Release|x64
		{0008960E-E0DD-41A6-8265-00B31DDB4C21}.ADU|Win32.ActiveCfg = LIB Release|x64
		{0008960E-E0DD-41A6-8265-00B31DDB4C21}.ADU|x64.ActiveCfg = LIB Release|x64
		{0008960E-E0DD-41A6-8265-00B31DDB4C21}.ADU|x64.Build.0 = LIB Release|x64
		{0008960E-E0DD-41A6-8265-00B31DDB4C21}.ADU|x86.ActiveCfg = LIB Release|Win32
		{0008960E-E0DD-41A6-8265-00B31DDB4C21}.ADU|x86.Build.0 = LIB Release|Win32
		{0008960E-E0DD-41A6-8265-00B31DDB4C21}.DLL ASM Debug|Win32.ActiveCfg = DLL VB|x64
		{0008960E-E0DD-41A6-8265-00B31DDB4C21}.DLL ASM Debug|x64.ActiveCfg = DLL VB|x64
		{0008960E-E0DD-41A6-8265-00B31DDB4C21}.DLL ASM Debug|x64.Build.0 = DLL VB|x64
		{0008960E-E0DD-41A6-8265-00B31DDB4C21}.DLL ASM Debug|x86.ActiveCfg = DLL VB|x64
		{0008960E-E0DD-41A6-8265-00B31DDB4C21}.DLL ASM Release|Win32.ActiveCfg = DLL VB|x64
		{0008960E-E0DD-41A6-8265-00B31DDB4C21}.DLL ASM Release|x64.ActiveCfg = DLL VB|x64
		{0008960E-E0DD-41A6-8265-00B31DDB4C21}.DLL ASM Release|x64.Build.0 = DLL VB|x64
		{0008960E-E0DD-41A6-8265-00B31DDB4C21}.DLL ASM Release|x86.ActiveCfg = DLL VB|x64
		{0008960E-E0DD-41A6-8265-00B31DDB4C21}.DLL Debug|Win32.ActiveCfg = DLL Debug|Win32
		{0008960E-E0DD-41A6-8265-00B31DDB4C21}.DLL Debug|Win32.Build.0 = DLL Debug|Win32
		{0008960E-E0DD-41A6-8265-00B31DDB4C21}.DLL Debug|x64.ActiveCfg = DLL Debug|x64
		{0008960E-E0DD-41A6-8265-00B31DDB4C21}.DLL Debug|x64.Build.0 = DLL Debug|x64
		{0008960E-E0DD-41A6-8265-00B31DDB4C21}.DLL Debug|x86.ActiveCfg = DLL Debug|x64
		{0008960E-E0DD-41A6-8265-00B31DDB4C21}.DLL Release|Win32.ActiveCfg = DLL Release|Win32
		{0008960E-E0DD-41A6-8265-00B31DDB4C21}.DLL Release|Win32.Build.0 = DLL Release|Win32
		{0008960E-E0DD-41A6-8265-00B31DDB4C21}.DLL Release|x64.ActiveCfg = DLL Release|x64
		{0008960E-E0DD-41A6-8265-00B31DDB4C21}.DLL Release|x64.Build.0 = DLL Release|x64
		{0008960E-E0DD-41A6-8265-00B31DDB4C21}.DLL Release|x86.ActiveCfg = DLL Release|x64
		{0008960E-E0DD-41A6-8265-00B31DDB4C21}.LIB ASM Debug|Win32.ActiveCfg = LIB Release|x64
		{0008960E-E0DD-41A6-8265-00B31DDB4C21}.LIB ASM Debug|x64.ActiveCfg = LIB Release|x64
		{0008960E-E0DD-41A6-8265-00B31DDB4C21}.LIB ASM Debug|x64.Build.0 = LIB Release|x64
		{0008960E-E0DD-41A6-8265-00B31DDB4C21}.LIB ASM Debug|x86.ActiveCfg = LIB Release|x64
		{0008960E-E0DD-41A6-8265-00B31DDB4C21}.LIB ASM Release|Win32.ActiveCfg = LIB Release|x64
		{0008960E-E0DD-41A6-8265-00B31DDB4C21}.LIB ASM Release|x64.ActiveCfg = LIB Release|x64
		{0008960E-E0DD-41A6-8265-00B31DDB4C21}.LIB ASM Release|x64.Build.0 = LIB Release|x64
		{0008960E-E0DD-41A6-8265-00B31DDB4C21}.LIB ASM Release|x86.ActiveCfg = LIB Release|x64
		{0008960E-E0DD-41A6-8265-00B31DDB4C21}.LIB Debug|Win32.ActiveCfg = LIB Debug|Win32
		{0008960E-E0DD-41A6-8265-00B31DDB4C21}.LIB Debug|Win32.Build.0 = LIB Debug|Win32
		{0008960E-E0DD-41A6-8265-00B31DDB4C21}.LIB Debug|x64.ActiveCfg = LIB Debug|x64
		{0008960E-E0DD-41A6-8265-00B31DDB4C21}.LIB Debug|x64.Build.0 = LIB Debug|x64
		{0008960E-E0DD-41A6-8265-00B31DDB4C21}.LIB Debug|x86.ActiveCfg = LIB Debug|x64
		{0008960E-E0DD-41A6-8265-00B31DDB4C21}.LIB Release|Win32.ActiveCfg = LIB Release|Win32
		{0008960E-E0DD-41A6-8265-00B31DDB4C21}.LIB Release|Win32.Build.0 = LIB Release|Win32
		{0008960E-E0DD-41A6-8265-00B31DDB4C21}.LIB Release|x64.ActiveCfg = LIB Release|x64
		{0008960E-E0DD-41A6-8265-00B31DDB4C21}.LIB Release|x64.Build.0 = LIB Release|x64
		{0008960E-E0DD-41A6-8265-00B31DDB4C21}.LIB Release|x86.ActiveCfg = LIB Release|x64
		{970E1357-2243-44D5-BC8D-FA639549AC19}.ADU|Win32.ActiveCfg = Release|x64
		{970E1357-2243-44D5-BC8D-FA639549AC19}.ADU|x64.ActiveCfg = Release Static|x64
		{970E1357-2243-44D5-BC8D-FA639549AC19}.ADU|x64.Build.0 = Release Static|x64
		{970E1357-2243-44D5-BC8D-FA639549AC19}.ADU|x86.ActiveCfg = Release Static|Win32
		{970E1357-2243-44D5-BC8D-FA639549AC19}.ADU|x86.Build.0 = Release Static|Win32
		{970E1357-2243-44D5-BC8D-FA639549AC19}.DLL ASM Debug|Win32.ActiveCfg = Debug|Win32
		{970E1357-2243-44D5-BC8D-FA639549AC19}.DLL ASM Debug|Win32.Build.0 = Debug|Win32
		{970E1357-2243-44D5-BC8D-FA639549AC19}.DLL ASM Debug|x64.ActiveCfg = Debug|x64
		{970E1357-2243-44D5-BC8D-FA639549AC19}.DLL ASM Debug|x64.Build.0 = Debug|x64
		{970E1357-2243-44D5-BC8D-FA639549AC19}.DLL ASM Debug|x86.ActiveCfg = Debug|x64
		{970E1357-2243-44D5-BC8D-FA639549AC19}.DLL ASM Release|Win32.ActiveCfg = Release|Win32
		{970E1357-2243-44D5-BC8D-FA639549AC19}.DLL ASM Release|Win32.Build.0 = Release|Win32
		{970E1357-2243-44D5-BC8D-FA639549AC19}.DLL ASM Release|x64.ActiveCfg = Release|x64
		{970E1357-2243-44D5-BC8D-FA639549AC19}.DLL ASM Release|x64.Build.0 = Release|x64
		{970E1357-2243-44D5-BC8D-FA639549AC19}.DLL ASM Release|x86.ActiveCfg = Release|x64
		{970E1357-2243-44D5-BC8D-FA639549AC19}.DLL Debug|Win32.ActiveCfg = Debug|Win32
		{970E1357-2243-44D5-BC8D-FA639549AC19}.DLL Debug|Win32.Build.0 = Debug|Win32
		{970E1357-2243-44D5-BC8D-FA639549AC19}.DLL Debug|x64.ActiveCfg = Debug|x64
		{970E1357-2243-44D5-BC8D-FA639549AC19}.DLL Debug|x64.Build.0 = Debug|x64
		{970E1357-2243-44D5-BC8D-FA639549AC19}.DLL Debug|x86.ActiveCfg = Debug|x64
		{970E1357-2243-44D5-BC8D-FA639549AC19}.DLL Release|Win32.ActiveCfg = Release|Win32
		{970E1357-2243-44D5-BC8D-FA639549AC19}.DLL Release|Win32.Build.0 = Release|Win32
		{970E1357-2243-44D5-BC8D-FA639549AC19}.DLL Release|x64.ActiveCfg = Release|x64
		{970E1357-2243-44D5-BC8D-FA639549AC19}.DLL Release|x64.Build.0 = Release|x64
		{970E1357-2243-44D5-BC8D-FA639549AC19}.DLL Release|x86.ActiveCfg = Release|x64
		{970E1357-2243-44D5-BC8D-FA639549AC19}.LIB ASM Debug|Win32.ActiveCfg = Debug|Win32
		{970E1357-2243-44D5-BC8D-FA639549AC19}.LIB ASM Debug|Win32.Build.0 = Debug|Win32
		{970E1357-2243-44D5-BC8D-FA639549AC19}.LIB ASM Debug|x64.ActiveCfg = Debug|x64
		{970E1357-2243-44D5-BC8D-FA639549AC19}.LIB ASM Debug|x64.Build.0 = Debug|x64
		{970E1357-2243-44D5-BC8D-FA639549AC19}.LIB ASM Debug|x86.ActiveCfg = Debug|x64
		{970E1357-2243-44D5-BC8D-FA639549AC19}.LIB ASM Release|Win32.ActiveCfg = Release|Win32
		{970E1357-2243-44D5-BC8D-FA639549AC19}.LIB ASM Release|Win32.Build.0 = Release|Win32
		{970E1357-2243-44D5-BC8D-FA639549AC19}.LIB ASM Release|x64.ActiveCfg = Release|x64
		{970E1357-2243-44D5-BC8D-FA639549AC19}.LIB ASM Release|x64.Build.0 = Release|x64
		{970E1357-2243-44D5-BC8D-FA639549AC19}.LIB ASM Release|x86.ActiveCfg = Release|x64
		{970E1357-2243-44D5-BC8D-FA639549AC19}.LIB Debug|Win32.ActiveCfg = Debug|Win32
		{970E1357-2243-44D5-BC8D-FA639549AC19}.LIB Debug|Win32.Build.0 = Debug|Win32
		{970E1357-2243-44D5-BC8D-FA639549AC19}.LIB Debug|x64.ActiveCfg = Debug|x64
		{970E1357-2243-44D5-BC8D-FA639549AC19}.LIB Debug|x64.Build.0 = Debug|x64
		{970E1357-2243-44D5-BC8D-FA639549AC19}.LIB Debug|x86.ActiveCfg = Debug|x64
		{970E1357-2243-44D5-BC8D-FA639549AC19}.LIB Release|Win32.ActiveCfg = Release|Win32
		{970E1357-2243-44D5-BC8D-FA639549AC19}.LIB Release|Win32.Build.0 = Release|Win32
		{970E1357-2243-44D5-BC8D-FA639549AC19}.LIB Release|x64.ActiveCfg = Release|x64
		{970E1357-2243-44D5-BC8D-FA639549AC19}.LIB Release|x64.Build.0 = Release|x64
		{970E1357-2243-44D5-BC8D-FA639549AC19}.LIB Release|x86.ActiveCfg = Release|x64
		{313EDA74-70F6-481B-8F05-C49A16481905}.ADU|Win32.ActiveCfg = Release|x64
		{313EDA74-70F6-481B-8F05-C49A16481905}.ADU|x64.ActiveCfg = Release|x64
		{313EDA74-70F6-481B-8F05-C49A16481905}.ADU|x64.Build.0 = Release|x64
		{313EDA74-70F6-481B-8F05-C49A16481905}.ADU|x86.ActiveCfg = Release|Win32
		{313EDA74-70F6-481B-8F05-C49A16481905}.ADU|x86.Build.0 = Release|Win32
		{313EDA74-70F6-481B-8F05-C49A16481905}.DLL ASM Debug|Win32.ActiveCfg = debug90|x64
		{313EDA74-70F6-481B-8F05-C49A16481905}.DLL ASM Debug|x64.ActiveCfg = debug90|x64
		{313EDA74-70F6-481B-8F05-C49A16481905}.DLL ASM Debug|x64.Build.0 = debug90|x64
		{313EDA74-70F6-481B-8F05-C49A16481905}.DLL ASM Debug|x86.ActiveCfg = debug90|x64
		{313EDA74-70F6-481B-8F05-C49A16481905}.DLL ASM Release|Win32.ActiveCfg = Release|Win32
		{313EDA74-70F6-481B-8F05-C49A16481905}.DLL ASM Release|Win32.Build.0 = Release|Win32
		{313EDA74-70F6-481B-8F05-C49A16481905}.DLL ASM Release|x64.ActiveCfg = Release|x64
		{313EDA74-70F6-481B-8F05-C49A16481905}.DLL ASM Release|x64.Build.0 = Release|x64
		{313EDA74-70F6-481B-8F05-C49A16481905}.DLL ASM Release|x86.ActiveCfg = Release|x64
		{313EDA74-70F6-481B-8F05-C49A16481905}.DLL Debug|Win32.ActiveCfg = debug90|x64
		{313EDA74-70F6-481B-8F05-C49A16481905}.DLL Debug|x64.ActiveCfg = debug90|x64
		{313EDA74-70F6-481B-8F05-C49A16481905}.DLL Debug|x64.Build.0 = debug90|x64
		{313EDA74-70F6-481B-8F05-C49A16481905}.DLL Debug|x86.ActiveCfg = debug90|x64
		{313EDA74-70F6-481B-8F05-C49A16481905}.DLL Release|Win32.ActiveCfg = Release|Win32
		{313EDA74-70F6-481B-8F05-C49A16481905}.DLL Release|Win32.Build.0 = Release|Win32
		{313EDA74-70F6-481B-8F05-C49A16481905}.DLL Release|x64.ActiveCfg = Release|x64
		{313EDA74-70F6-481B-8F05-C49A16481905}.DLL Release|x64.Build.0 = Release|x64
		{313EDA74-70F6-481B-8F05-C49A16481905}.DLL Release|x86.ActiveCfg = Release|x64
		{313EDA74-70F6-481B-8F05-C49A16481905}.LIB ASM Debug|Win32.ActiveCfg = Release|x64
		{313EDA74-70F6-481B-8F05-C49A16481905}.LIB ASM Debug|x64.ActiveCfg = Release|x64
		{313EDA74-70F6-481B-8F05-C49A16481905}.LIB ASM Debug|x64.Build.0 = Release|x64
		{313EDA74-70F6-481B-8F05-C49A16481905}.LIB ASM Debug|x86.ActiveCfg = Release|x64
		{313EDA74-70F6-481B-8F05-C49A16481905}.LIB ASM Release|Win32.ActiveCfg = Release|Win32
		{313EDA74-70F6-481B-8F05-C49A16481905}.LIB ASM Release|Win32.Build.0 = Release|Win32
		{313EDA74-70F6-481B-8F05-C49A16481905}.LIB ASM Release|x64.ActiveCfg = Release|x64
		{313EDA74-70F6-481B-8F05-C49A16481905}.LIB ASM Release|x64.Build.0 = Release|x64
		{313EDA74-70F6-481B-8F05-C49A16481905}.LIB ASM Release|x86.ActiveCfg = Release|x64
		{313EDA74-70F6-481B-8F05-C49A16481905}.LIB Debug|Win32.ActiveCfg = Release|x64
		{313EDA74-70F6-481B-8F05-C49A16481905}.LIB Debug|x64.ActiveCfg = Release|x64
		{313EDA74-70F6-481B-8F05-C49A16481905}.LIB Debug|x64.Build.0 = Release|x64
		{313EDA74-70F6-481B-8F05-C49A16481905}.LIB Debug|x86.ActiveCfg = Release|x64
		{313EDA74-70F6-481B-8F05-C49A16481905}.LIB Release|Win32.ActiveCfg = Release|Win32
		{313EDA74-70F6-481B-8F05-C49A16481905}.LIB Release|Win32.Build.0 = Release|Win32
		{313EDA74-70F6-481B-8F05-C49A16481905}.LIB Release|x64.ActiveCfg = Release|x64
		{313EDA74-70F6-481B-8F05-C49A16481905}.LIB Release|x64.Build.0 = Release|x64
		{313EDA74-70F6-481B-8F05-C49A16481905}.LIB Release|x86.ActiveCfg = Release|x64
		{98A1AD27-110A-4C3E-AF0C-4F967E536517}.ADU|Win32.ActiveCfg = Release|x64
		{98A1AD27-110A-4C3E-AF0C-4F967E536517}.ADU|x64.ActiveCfg = Release|x64
		{98A1AD27-110A-4C3E-AF0C-4F967E536517}.ADU|x64.Build.0 = Release|x64
		{98A1AD27-110A-4C3E-AF0C-4F967E536517}.ADU|x86.ActiveCfg = Release|Win32
		{98A1AD27-110A-4C3E-AF0C-4F967E536517}.ADU|x86.Build.0 = Release|Win32
		{98A1AD27-110A-4C3E-AF0C-4F967E536517}.DLL ASM Debug|Win32.ActiveCfg = debug90|x64
		{98A1AD27-110A-4C3E-AF0C-4F967E536517}.DLL ASM Debug|x64.ActiveCfg = debug90|x64
		{98A1AD27-110A-4C3E-AF0C-4F967E536517}.DLL ASM Debug|x64.Build.0 = debug90|x64
		{98A1AD27-110A-4C3E-AF0C-4F967E536517}.DLL ASM Debug|x86.ActiveCfg = debug90|x64
		{98A1AD27-110A-4C3E-AF0C-4F967E536517}.DLL ASM Release|Win32.ActiveCfg = Release|Win32
		{98A1AD27-110A-4C3E-AF0C-4F967E536517}.DLL ASM Release|Win32.Build.0 = Release|Win32
		{98A1AD27-110A-4C3E-AF0C-4F967E536517}.DLL ASM Release|x64.ActiveCfg = Release|x64
		{98A1AD27-110A-4C3E-AF0C-4F967E536517}.DLL ASM Release|x64.Build.0 = Release|x64
		{98A1AD27-110A-4C3E-AF0C-4F967E536517}.DLL ASM Release|x86.ActiveCfg = Release|x64
		{98A1AD27-110A-4C3E-AF0C-4F967E536517}.DLL Debug|Win32.ActiveCfg = debug90|x64
		{98A1AD27-110A-4C3E-AF0C-4F967E536517}.DLL Debug|x64.ActiveCfg = debug90|x64
		{98A1AD27-110A-4C3E-AF0C-4F967E536517}.DLL Debug|x64.Build.0 = debug90|x64
		{98A1AD27-110A-4C3E-AF0C-4F967E536517}.DLL Debug|x86.ActiveCfg = debug90|x64
		{98A1AD27-110A-4C3E-AF0C-4F967E536517}.DLL Release|Win32.ActiveCfg = Release|Win32
		{98A1AD27-110A-4C3E-AF0C-4F967E536517}.DLL Release|Win32.Build.0 = Release|Win32
		{98A1AD27-110A-4C3E-AF0C-4F967E536517}.DLL Release|x64.ActiveCfg = Release|x64
		{98A1AD27-110A-4C3E-AF0C-4F967E536517}.DLL Release|x64.Build.0 = Release|x64
		{98A1AD27-110A-4C3E-AF0C-4F967E536517}.DLL Release|x86.ActiveCfg = Release|x64
		{98A1AD27-110A-4C3E-AF0C-4F967E536517}.LIB ASM Debug|Win32.ActiveCfg = Release|x64
		{98A1AD27-110A-4C3E-AF0C-4F967E536517}.LIB ASM Debug|x64.ActiveCfg = Release|x64
		{98A1AD27-110A-4C3E-AF0C-4F967E536517}.LIB ASM Debug|x64.Build.0 = Release|x64
		{98A1AD27-110A-4C3E-AF0C-4F967E536517}.LIB ASM Debug|x86.ActiveCfg = Release|x64
		{98A1AD27-110A-4C3E-AF0C-4F967E536517}.LIB ASM Release|Win32.ActiveCfg = Release|Win32
		{98A1AD27-110A-4C3E-AF0C-4F967E536517}.LIB ASM Release|Win32.Build.0 = Release|Win32
		{98A1AD27-110A-4C3E-AF0C-4F967E536517}.LIB ASM Release|x64.ActiveCfg = Release|x64
		{98A1AD27-110A-4C3E-AF0C-4F967E536517}.LIB ASM Release|x64.Build.0 = Release|x64
		{98A1AD27-110A-4C3E-AF0C-4F967E536517}.LIB ASM Release|x86.ActiveCfg = Release|x64
		{98A1AD27-110A-4C3E-AF0C-4F967E536517}.LIB Debug|Win32.ActiveCfg = Release|x64
		{98A1AD27-110A-4C3E-AF0C-4F967E536517}.LIB Debug|x64.ActiveCfg = Release|x64
		{98A1AD27-110A-4C3E-AF0C-4F967E536517}.LIB Debug|x64.Build.0 = Release|x64
		{98A1AD27-110A-4C3E-AF0C-4F967E536517}.LIB Debug|x86.ActiveCfg = Release|x64
		{98A1AD27-110A-4C3E-AF0C-4F967E536517}.LIB Release|Win32.ActiveCfg = Release|Win32
		{98A1AD27-110A-4C3E-AF0C-4F967E536517}.LIB Release|Win32.Build.0 = Release|Win32
		{98A1AD27-110A-4C3E-AF0C-4F967E536517}.LIB Release|x64.ActiveCfg = Release|x64
		{98A1AD27-110A-4C3E-AF0C-4F967E536517}.LIB Release|x64.Build.0 = Release|x64
		{98A1AD27-110A-4C3E-AF0C-4F967E536517}.LIB Release|x86.ActiveCfg = Release|x64
		{CC763AB0-5EBF-4A3F-884D-F5E2D12E12F3}.ADU|Win32.ActiveCfg = Release|x64
		{CC763AB0-5EBF-4A3F-884D-F5E2D12E12F3}.ADU|x64.ActiveCfg = Release|x64
		{CC763AB0-5EBF-4A3F-884D-F5E2D12E12F3}.ADU|x64.Build.0 = Release|x64
		{CC763AB0-5EBF-4A3F-884D-F5E2D12E12F3}.ADU|x86.ActiveCfg = Release|Win32
		{CC763AB0-5EBF-4A3F-884D-F5E2D12E12F3}.ADU|x86.Build.0 = Release|Win32
		{CC763AB0-5EBF-4A3F-884D-F5E2D12E12F3}.DLL ASM Debug|Win32.ActiveCfg = Debug|Win32
		{CC763AB0-5EBF-4A3F-884D-F5E2D12E12F3}.DLL ASM Debug|Win32.Build.0 = Debug|Win32
		{CC763AB0-5EBF-4A3F-884D-F5E2D12E12F3}.DLL ASM Debug|x64.ActiveCfg = Debug|x64
		{CC763AB0-5EBF-4A3F-884D-F5E2D12E12F3}.DLL ASM Debug|x64.Build.0 = Debug|x64
		{CC763AB0-5EBF-4A3F-884D-F5E2D12E12F3}.DLL ASM Debug|x86.ActiveCfg = Debug|x64
		{CC763AB0-5EBF-4A3F-884D-F5E2D12E12F3}.DLL ASM Release|Win32.ActiveCfg = Release|Win32
		{CC763AB0-5EBF-4A3F-884D-F5E2D12E12F3}.DLL ASM Release|Win32.Build.0 = Release|Win32
		{CC763AB0-5EBF-4A3F-884D-F5E2D12E12F3}.DLL ASM Release|x64.ActiveCfg = Release|x64
		{CC763AB0-5EBF-4A3F-884D-F5E2D12E12F3}.DLL ASM Release|x64.Build.0 = Release|x64
		{CC763AB0-5EBF-4A3F-884D-F5E2D12E12F3}.DLL ASM Release|x86.ActiveCfg = Release|x64
		{CC763AB0-5EBF-4A3F-884D-F5E2D12E12F3}.DLL Debug|Win32.ActiveCfg = Debug|Win32
		{CC763AB0-5EBF-4A3F-884D-F5E2D12E12F3}.DLL Debug|Win32.Build.0 = Debug|Win32
		{CC763AB0-5EBF-4A3F-884D-F5E2D12E12F3}.DLL Debug|x64.ActiveCfg = Debug|x64
		{CC763AB0-5EBF-4A3F-884D-F5E2D12E12F3}.DLL Debug|x64.Build.0 = Debug|x64
		{CC763AB0-5EBF-4A3F-884D-F5E2D12E12F3}.DLL Debug|x86.ActiveCfg = Debug|x64
		{CC763AB0-5EBF-4A3F-884D-F5E2D12E12F3}.DLL Release|Win32.ActiveCfg = Release|Win32
		{CC763AB0-5EBF-4A3F-884D-F5E2D12E12F3}.DLL Release|Win32.Build.0 = Release|Win32
		{CC763AB0-5EBF-4A3F-884D-F5E2D12E12F3}.DLL Release|x64.ActiveCfg = Release|x64
		{CC763AB0-5EBF-4A3F-884D-F5E2D12E12F3}.DLL Release|x64.Build.0 = Release|x64
		{CC763AB0-5EBF-4A3F-884D-F5E2D12E12F3}.DLL Release|x86.ActiveCfg = Release|x64
		{CC763AB0-5EBF-4A3F-884D-F5E2D12E12F3}.LIB ASM Debug|Win32.ActiveCfg = Debug|Win32
		{CC763AB0-5EBF-4A3F-884D-F5E2D12E12F3}.LIB ASM Debug|Win32.Build.0 = Debug|Win32
		{CC763AB0-5EBF-4A3F-884D-F5E2D12E12F3}.LIB ASM Debug|x64.ActiveCfg = Debug|x64
		{CC763AB0-5EBF-4A3F-884D-F5E2D12E12F3}.LIB ASM Debug|x64.Build.0 = Debug|x64
		{CC763AB0-5EBF-4A3F-884D-F5E2D12E12F3}.LIB ASM Debug|x86.ActiveCfg = Debug|x64
		{CC763AB0-5EBF-4A3F-884D-F5E2D12E12F3}.LIB ASM Release|Win32.ActiveCfg = Release|Win32
		{CC763AB0-5EBF-4A3F-884D-F5E2D12E12F3}.LIB ASM Release|Win32.Build.0 = Release|Win32
		{CC763AB0-5EBF-4A3F-884D-F5E2D12E12F3}.LIB ASM Release|x64.ActiveCfg = Release|x64
		{CC763AB0-5EBF-4A3F-884D-F5E2D12E12F3}.LIB ASM Release|x64.Build.0 = Release|x64
		{CC763AB0-5EBF-4A3F-884D-F5E2D12E12F3}.LIB ASM Release|x86.ActiveCfg = Release|x64
		{CC763AB0-5EBF-4A3F-884D-F5E2D12E12F3}.LIB Debug|Win32.ActiveCfg = Debug|Win32
		{CC763AB0-5EBF-4A3F-884D-F5E2D12E12F3}.LIB Debug|Win32.Build.0 = Debug|Win32
		{CC763AB0-5EBF-4A3F-884D-F5E2D12E12F3}.LIB Debug|x64.ActiveCfg = Debug|x64
		{CC763AB0-5EBF-4A3F-884D-F5E2D12E12F3}.LIB Debug|x64.Build.0 = Debug|x64
		{CC763AB0-5EBF-4A3F-884D-F5E2D12E12F3}.LIB Debug|x86.ActiveCfg = Debug|x64
		{CC763AB0-5EBF-4A3F-884D-F5E2D12E12F3}.LIB Release|Win32.ActiveCfg = Release|Win32
		{CC763AB0-5EBF-4A3F-884D-F5E2D12E12F3}.LIB Release|Win32.Build.0 = Release|Win32
		{CC763AB0-5EBF-4A3F-884D-F5E2D12E12F3}.LIB Release|x64.ActiveCfg = Release|x64
		{CC763AB0-5EBF-4A3F-884D-F5E2D12E12F3}.LIB Release|x64.Build.0 = Release|x64
		{CC763AB0-5EBF-4A3F-884D-F5E2D12E12F3}.LIB Release|x86.ActiveCfg = Release|x64
		{8FEC2660-7F95-4C2E-8747-36176E1FCF82}.ADU|Win32.ActiveCfg = Release|x64
		{8FEC2660-7F95-4C2E-8747-36176E1FCF82}.ADU|x64.ActiveCfg = Release|x64
		{8FEC2660-7F95-4C2E-8747-36176E1FCF82}.ADU|x64.Build.0 = Release|x64
		{8FEC2660-7F95-4C2E-8747-36176E1FCF82}.ADU|x86.ActiveCfg = Release|Win32
		{8FEC2660-7F95-4C2E-8747-36176E1FCF82}.ADU|x86.Build.0 = Release|Win32
		{8FEC2660-7F95-4C2E-8747-36176E1FCF82}.DLL ASM Debug|Win32.ActiveCfg = Debug|Win32
		{8FEC2660-7F95-4C2E-8747-36176E1FCF82}.DLL ASM Debug|Win32.Build.0 = Debug|Win32
		{8FEC2660-7F95-4C2E-8747-36176E1FCF82}.DLL ASM Debug|x64.ActiveCfg = Debug|x64
		{8FEC2660-7F95-4C2E-8747-36176E1FCF82}.DLL ASM Debug|x64.Build.0 = Debug|x64
		{8FEC2660-7F95-4C2E-8747-36176E1FCF82}.DLL ASM Debug|x86.ActiveCfg = Debug|x64
		{8FEC2660-7F95-4C2E-8747-36176E1FCF82}.DLL ASM Release|Win32.ActiveCfg = Release|Win32
		{8FEC2660-7F95-4C2E-8747-36176E1FCF82}.DLL ASM Release|Win32.Build.0 = Release|Win32
		{8FEC2660-7F95-4C2E-8747-36176E1FCF82}.DLL ASM Release|x64.ActiveCfg = Release|x64
		{8FEC2660-7F95-4C2E-8747-36176E1FCF82}.DLL ASM Release|x64.Build.0 = Release|x64
		{8FEC2660-7F95-4C2E-8747-36176E1FCF82}.DLL ASM Release|x86.ActiveCfg = Release|x64
		{8FEC2660-7F95-4C2E-8747-36176E1FCF82}.DLL Debug|Win32.ActiveCfg = Debug|Win32
		{8FEC2660-7F95-4C2E-8747-36176E1FCF82}.DLL Debug|Win32.Build.0 = Debug|Win32
		{8FEC2660-7F95-4C2E-8747-36176E1FCF82}.DLL Debug|x64.ActiveCfg = Debug|x64
		{8FEC2660-7F95-4C2E-8747-36176E1FCF82}.DLL Debug|x64.Build.0 = Debug|x64
		{8FEC2660-7F95-4C2E-8747-36176E1FCF82}.DLL Debug|x86.ActiveCfg = Debug|x64
		{8FEC2660-7F95-4C2E-8747-36176E1FCF82}.DLL Release|Win32.ActiveCfg = Release|Win32
		{8FEC2660-7F95-4C2E-8747-36176E1FCF82}.DLL Release|Win32.Build.0 = Release|Win32
		{8FEC2660-7F95-4C2E-8747-36176E1FCF82}.DLL Release|x64.ActiveCfg = Release|x64
		{8FEC2660-7F95-4C2E-8747-36176E1FCF82}.DLL Release|x64.Build.0 = Release|x64
		{8FEC2660-7F95-4C2E-8747-36176E1FCF82}.DLL Release|x86.ActiveCfg = Release|x64
		{8FEC2660-7F95-4C2E-8747-36176E1FCF82}.LIB ASM Debug|Win32.ActiveCfg = Debug|Win32
		{8FEC2660-7F95-4C2E-8747-36176E1FCF82}.LIB ASM Debug|Win32.Build.0 = Debug|Win32
		{8FEC2660-7F95-4C2E-8747-36176E1FCF82}.LIB ASM Debug|x64.ActiveCfg = Debug|x64
		{8FEC2660-7F95-4C2E-8747-36176E1FCF82}.LIB ASM Debug|x64.Build.0 = Debug|x64
		{8FEC2660-7F95-4C2E-8747-36176E1FCF82}.LIB ASM Debug|x86.ActiveCfg = Debug|x64
		{8FEC2660-7F95-4C2E-8747-36176E1FCF82}.LIB ASM Release|Win32.ActiveCfg = Release|Win32
		{8FEC2660-7F95-4C2E-8747-36176E1FCF82}.LIB ASM Release|Win32.Build.0 = Release|Win32
		{8FEC2660-7F95-4C2E-8747-36176E1FCF82}.LIB ASM Release|x64.ActiveCfg = Release|x64
		{8FEC2660-7F95-4C2E-8747-36176E1FCF82}.LIB ASM Release|x64.Build.0 = Release|x64
		{8FEC2660-7F95-4C2E-8747-36176E1FCF82}.LIB ASM Release|x86.ActiveCfg = Release|x64
		{8FEC2660-7F95-4C2E-8747-36176E1FCF82}.LIB Debug|Win32.ActiveCfg = Debug|Win32
		{8FEC2660-7F95-4C2E-8747-36176E1FCF82}.LIB Debug|Win32.Build.0 = Debug|Win32
		{8FEC2660-7F95-4C2E-8747-36176E1FCF82}.LIB Debug|x64.ActiveCfg = Debug|x64
		{8FEC2660-7F95-4C2E-8747-36176E1FCF82}.LIB Debug|x64.Build.0 = Debug|x64
		{8FEC2660-7F95-4C2E-8747-36176E1FCF82}.LIB Debug|x86.ActiveCfg = Debug|x64
		{8FEC2660-7F95-4C2E-8747-36176E1FCF82}.LIB Release|Win32.ActiveCfg = Release|Win32
		{8FEC2660-7F95-4C2E-8747-36176E1FCF82}.LIB Release|Win32.Build.0 = Release|Win32
		{8FEC2660-7F95-4C2E-8747-36176E1FCF82}.LIB Release|x64.ActiveCfg = Release|x64
		{8FEC2660-7F95-4C2E-8747-36176E1FCF82}.LIB Release|x64.Build.0 = Release|x64
		{8FEC2660-7F95-4C2E-8747-36176E1FCF82}.LIB Release|x86.ActiveCfg = Release|x64
		{3CF9AC37-AFDB-F05E-1047-F502A76E870D}.ADU|Win32.ActiveCfg = LIB Release|Win32
		{3CF9AC37-AFDB-F05E-1047-F502A76E870D}.ADU|Win32.Build.0 = LIB Release|Win32
		{3CF9AC37-AFDB-F05E-1047-F502A76E870D}.ADU|x64.ActiveCfg = LIB Release|Win32
		{3CF9AC37-AFDB-F05E-1047-F502A76E870D}.ADU|x86.ActiveCfg = LIB Release|Win32
		{3CF9AC37-AFDB-F05E-1047-F502A76E870D}.DLL ASM Debug|Win32.ActiveCfg = DLL ASM Debug|Win32
		{3CF9AC37-AFDB-F05E-1047-F502A76E870D}.DLL ASM Debug|Win32.Build.0 = DLL ASM Debug|Win32
		{3CF9AC37-AFDB-F05E-1047-F502A76E870D}.DLL ASM Debug|x64.ActiveCfg = DLL ASM Debug|Win32
		{3CF9AC37-AFDB-F05E-1047-F502A76E870D}.DLL ASM Debug|x86.ActiveCfg = DLL ASM Debug|Win32
		{3CF9AC37-AFDB-F05E-1047-F502A76E870D}.DLL ASM Release|Win32.ActiveCfg = DLL ASM Release|Win32
		{3CF9AC37-AFDB-F05E-1047-F502A76E870D}.DLL ASM Release|Win32.Build.0 = DLL ASM Release|Win32
		{3CF9AC37-AFDB-F05E-1047-F502A76E870D}.DLL ASM Release|x64.ActiveCfg = DLL ASM Release|Win32
		{3CF9AC37-AFDB-F05E-1047-F502A76E870D}.DLL ASM Release|x86.ActiveCfg = DLL ASM Release|Win32
		{3CF9AC37-AFDB-F05E-1047-F502A76E870D}.DLL Debug|Win32.ActiveCfg = DLL Debug|Win32
		{3CF9AC37-AFDB-F05E-1047-F502A76E870D}.DLL Debug|Win32.Build.0 = DLL Debug|Win32
		{3CF9AC37-AFDB-F05E-1047-F502A76E870D}.DLL Debug|x64.ActiveCfg = DLL Debug|Win32
		{3CF9AC37-AFDB-F05E-1047-F502A76E870D}.DLL Debug|x86.ActiveCfg = DLL Debug|Win32
		{3CF9AC37-AFDB-F05E-1047-F502A76E870D}.DLL Release|Win32.ActiveCfg = DLL Release|Win32
		{3CF9AC37-AFDB-F05E-1047-F502A76E870D}.DLL Release|Win32.Build.0 = DLL Release|Win32
		{3CF9AC37-AFDB-F05E-1047-F502A76E870D}.DLL Release|x64.ActiveCfg = DLL Release|Win32
		{3CF9AC37-AFDB-F05E-1047-F502A76E870D}.DLL Release|x86.ActiveCfg = DLL Release|Win32
		{3CF9AC37-AFDB-F05E-1047-F502A76E870D}.LIB ASM Debug|Win32.ActiveCfg = LIB ASM Debug|Win32
		{3CF9AC37-AFDB-F05E-1047-F502A76E870D}.LIB ASM Debug|Win32.Build.0 = LIB ASM Debug|Win32
		{3CF9AC37-AFDB-F05E-1047-F502A76E870D}.LIB ASM Debug|x64.ActiveCfg = LIB ASM Debug|Win32
		{3CF9AC37-AFDB-F05E-1047-F502A76E870D}.LIB ASM Debug|x86.ActiveCfg = LIB ASM Debug|Win32
		{3CF9AC37-AFDB-F05E-1047-F502A76E870D}.LIB ASM Release|Win32.ActiveCfg = LIB ASM Release|Win32
		{3CF9AC37-AFDB-F05E-1047-F502A76E870D}.LIB ASM Release|Win32.Build.0 = LIB ASM Release|Win32
		{3CF9AC37-AFDB-F05E-1047-F502A76E870D}.LIB ASM Release|x64.ActiveCfg = LIB ASM Release|Win32
		{3CF9AC37-AFDB-F05E-1047-F502A76E870D}.LIB ASM Release|x86.ActiveCfg = LIB ASM Release|Win32
		{3CF9AC37-AFDB-F05E-1047-F502A76E870D}.LIB Debug|Win32.ActiveCfg = LIB Debug|Win32
		{3CF9AC37-AFDB-F05E-1047-F502A76E870D}.LIB Debug|Win32.Build.0 = LIB Debug|Win32
		{3CF9AC37-AFDB-F05E-1047-F502A76E870D}.LIB Debug|x64.ActiveCfg = LIB Debug|Win32
		{3CF9AC37-AFDB-F05E-1047-F502A76E870D}.LIB Debug|x86.ActiveCfg = LIB Debug|Win32
		{3CF9AC37-AFDB-F05E-1047-F502A76E870D}.LIB Release|Win32.ActiveCfg = LIB Release|Win32
		{3CF9AC37-AFDB-F05E-1047-F502A76E870D}.LIB Release|Win32.Build.0 = LIB Release|Win32
		{3CF9AC37-AFDB-F05E-1047-F502A76E870D}.LIB Release|x64.ActiveCfg = LIB Release|Win32
		{3CF9AC37-AFDB-F05E-1047-F502A76E870D}.LIB Release|x86.ActiveCfg = LIB Release|Win32
	EndGlobalSection
	GlobalSection(SolutionProperties) = preSolution
		HideSolutionNode = FALSE
	EndGlobalSection
EndGlobal
