<?xml version="1.0" encoding="utf-8"?>
<Project ToolsVersion="4.0" xmlns="http://schemas.microsoft.com/developer/msbuild/2003">
  <ItemGroup>
    <Filter Include="Source Files">
      <UniqueIdentifier>{a7b99733-7ff2-451b-b892-5f317ffe9ac5}</UniqueIdentifier>
      <Extensions>.cpp</Extensions>
    </Filter>
    <Filter Include="Header Files">
      <UniqueIdentifier>{54831776-8cf5-4bbd-8b45-d993a0ee17c5}</UniqueIdentifier>
      <Extensions>.;.h</Extensions>
    </Filter>
    <Filter Include="Miscellaneous">
      <UniqueIdentifier>{36cf9392-2c89-4c71-9223-3335ebed0047}</UniqueIdentifier>
    </Filter>
  </ItemGroup>
  <ItemGroup>
    <ClCompile Include="algebra.cpp">
      <Filter>Source Files</Filter>
    </ClCompile>
    <ClCompile Include="algparam.cpp">
      <Filter>Source Files</Filter>
    </ClCompile>
    <ClCompile Include="asn.cpp">
      <Filter>Source Files</Filter>
    </ClCompile>
    <ClCompile Include="base64.cpp">
      <Filter>Source Files</Filter>
    </ClCompile>
    <ClCompile Include="basecode.cpp">
      <Filter>Source Files</Filter>
    </ClCompile>
    <ClCompile Include="cpu.cpp">
      <Filter>Source Files</Filter>
    </ClCompile>
    <ClCompile Include="cryptlib.cpp">
      <Filter>Source Files</Filter>
    </ClCompile>
    <ClCompile Include="des.cpp">
      <Filter>Source Files</Filter>
    </ClCompile>
    <ClCompile Include="dessp.cpp">
      <Filter>Source Files</Filter>
    </ClCompile>
    <ClCompile Include="dll.cpp">
      <Filter>Source Files</Filter>
    </ClCompile>
    <ClCompile Include="emsa2.cpp">
      <Filter>Source Files</Filter>
    </ClCompile>
    <ClCompile Include="eprecomp.cpp">
      <Filter>Source Files</Filter>
    </ClCompile>
    <ClCompile Include="files.cpp">
      <Filter>Source Files</Filter>
    </ClCompile>
    <ClCompile Include="filters.cpp">
      <Filter>Source Files</Filter>
    </ClCompile>
    <ClCompile Include="fips140.cpp">
      <Filter>Source Files</Filter>
    </ClCompile>
    <ClCompile Include="hrtimer.cpp">
      <Filter>Source Files</Filter>
    </ClCompile>
    <ClCompile Include="integer.cpp">
      <Filter>Source Files</Filter>
    </ClCompile>
    <ClCompile Include="iterhash.cpp">
      <Filter>Source Files</Filter>
    </ClCompile>
    <ClCompile Include="md4.cpp">
      <Filter>Source Files</Filter>
    </ClCompile>
    <ClCompile Include="md5.cpp">
      <Filter>Source Files</Filter>
    </ClCompile>
    <ClCompile Include="misc.cpp">
      <Filter>Source Files</Filter>
    </ClCompile>
    <ClCompile Include="mqueue.cpp">
      <Filter>Source Files</Filter>
    </ClCompile>
    <ClCompile Include="nbtheory.cpp">
      <Filter>Source Files</Filter>
    </ClCompile>
    <ClCompile Include="oaep.cpp">
      <Filter>Source Files</Filter>
    </ClCompile>
    <ClCompile Include="osrng.cpp">
      <Filter>Source Files</Filter>
    </ClCompile>
    <ClCompile Include="pch.cpp">
      <Filter>Source Files</Filter>
    </ClCompile>
    <ClCompile Include="pkcspad.cpp">
      <Filter>Source Files</Filter>
    </ClCompile>
    <ClCompile Include="pssr.cpp">
      <Filter>Source Files</Filter>
    </ClCompile>
    <ClCompile Include="pubkey.cpp">
      <Filter>Source Files</Filter>
    </ClCompile>
    <ClCompile Include="queue.cpp">
      <Filter>Source Files</Filter>
    </ClCompile>
    <ClCompile Include="randpool.cpp">
      <Filter>Source Files</Filter>
    </ClCompile>
    <ClCompile Include="rdtables.cpp">
      <Filter>Source Files</Filter>
    </ClCompile>
    <ClCompile Include="rijndael.cpp">
      <Filter>Source Files</Filter>
    </ClCompile>
    <ClCompile Include="rng.cpp">
      <Filter>Source Files</Filter>
    </ClCompile>
    <ClCompile Include="rsa.cpp">
      <Filter>Source Files</Filter>
    </ClCompile>
    <ClCompile Include="sha.cpp">
      <Filter>Source Files</Filter>
    </ClCompile>
    <ClCompile Include="simple.cpp">
      <Filter>Source Files</Filter>
    </ClCompile>
    <ClCompile Include="trdlocal.cpp">
      <Filter>Source Files</Filter>
    </ClCompile>
  </ItemGroup>
  <ItemGroup>
    <None Include="license.txt">
      <Filter>Miscellaneous</Filter>
    </None>
    <None Include="readme.txt">
      <Filter>Miscellaneous</Filter>
    </None>
  </ItemGroup>
  <ItemGroup>
    <ClInclude Include="aes.h">
      <Filter>Header Files</Filter>
    </ClInclude>
    <ClInclude Include="algebra.h">
      <Filter>Header Files</Filter>
    </ClInclude>
    <ClInclude Include="algparam.h">
      <Filter>Header Files</Filter>
    </ClInclude>
    <ClInclude Include="argnames.h">
      <Filter>Header Files</Filter>
    </ClInclude>
    <ClInclude Include="asn.h">
      <Filter>Header Files</Filter>
    </ClInclude>
    <ClInclude Include="base64.h">
      <Filter>Header Files</Filter>
    </ClInclude>
    <ClInclude Include="basecode.h">
      <Filter>Header Files</Filter>
    </ClInclude>
    <ClInclude Include="config.h">
      <Filter>Header Files</Filter>
    </ClInclude>
    <ClInclude Include="cpu.h">
      <Filter>Header Files</Filter>
    </ClInclude>
    <ClInclude Include="cryptlib.h">
      <Filter>Header Files</Filter>
    </ClInclude>
    <ClInclude Include="des.h">
      <Filter>Header Files</Filter>
    </ClInclude>
    <ClInclude Include="emsa2.h">
      <Filter>Header Files</Filter>
    </ClInclude>
    <ClInclude Include="eprecomp.h">
      <Filter>Header Files</Filter>
    </ClInclude>
    <ClInclude Include="files.h">
      <Filter>Header Files</Filter>
    </ClInclude>
    <ClInclude Include="filters.h">
      <Filter>Header Files</Filter>
    </ClInclude>
    <ClInclude Include="fips140.h">
      <Filter>Header Files</Filter>
    </ClInclude>
    <ClInclude Include="fltrimpl.h">
      <Filter>Header Files</Filter>
    </ClInclude>
    <ClInclude Include="hrtimer.h">
      <Filter>Header Files</Filter>
    </ClInclude>
    <ClInclude Include="integer.h">
      <Filter>Header Files</Filter>
    </ClInclude>
    <ClInclude Include="iterhash.h">
      <Filter>Header Files</Filter>
    </ClInclude>
    <ClInclude Include="md4.h">
      <Filter>Header Files</Filter>
    </ClInclude>
    <ClInclude Include="md5.h">
      <Filter>Header Files</Filter>
    </ClInclude>
    <ClInclude Include="misc.h">
      <Filter>Header Files</Filter>
    </ClInclude>
    <ClInclude Include="modarith.h">
      <Filter>Header Files</Filter>
    </ClInclude>
    <ClInclude Include="mqueue.h">
      <Filter>Header Files</Filter>
    </ClInclude>
    <ClInclude Include="nbtheory.h">
      <Filter>Header Files</Filter>
    </ClInclude>
    <ClInclude Include="oaep.h">
      <Filter>Header Files</Filter>
    </ClInclude>
    <ClInclude Include="oids.h">
      <Filter>Header Files</Filter>
    </ClInclude>
    <ClInclude Include="osrng.h">
      <Filter>Header Files</Filter>
    </ClInclude>
    <ClInclude Include="pch.h">
      <Filter>Header Files</Filter>
    </ClInclude>
    <ClInclude Include="pkcspad.h">
      <Filter>Header Files</Filter>
    </ClInclude>
    <ClInclude Include="pssr.h">
      <Filter>Header Files</Filter>
    </ClInclude>
    <ClInclude Include="pubkey.h">
      <Filter>Header Files</Filter>
    </ClInclude>
    <ClInclude Include="queue.h">
      <Filter>Header Files</Filter>
    </ClInclude>
    <ClInclude Include="randpool.h">
      <Filter>Header Files</Filter>
    </ClInclude>
    <ClInclude Include="rijndael.h">
      <Filter>Header Files</Filter>
    </ClInclude>
    <ClInclude Include="rng.h">
      <Filter>Header Files</Filter>
    </ClInclude>
    <ClInclude Include="rsa.h">
      <Filter>Header Files</Filter>
    </ClInclude>
    <ClInclude Include="secblock.h">
      <Filter>Header Files</Filter>
    </ClInclude>
    <ClInclude Include="seckey.h">
      <Filter>Header Files</Filter>
    </ClInclude>
    <ClInclude Include="sha.h">
      <Filter>Header Files</Filter>
    </ClInclude>
    <ClInclude Include="simple.h">
      <Filter>Header Files</Filter>
    </ClInclude>
    <ClInclude Include="smartptr.h">
      <Filter>Header Files</Filter>
    </ClInclude>
    <ClInclude Include="trdlocal.h">
      <Filter>Header Files</Filter>
    </ClInclude>
    <ClInclude Include="words.h">
      <Filter>Header Files</Filter>
    </ClInclude>
  </ItemGroup>
  <ItemGroup>
    <CustomBuild Include="x64dll.asm">
      <Filter>Source Files</Filter>
    </CustomBuild>
    <CustomBuild Include="x64masm.asm">
      <Filter>Source Files</Filter>
    </CustomBuild>
  </ItemGroup>
</Project>