<?xml version="1.0" encoding="UTF-8" standalone="yes" ?>
<CodeBlocks_project_file>
	<FileVersion major="1" minor="6" />
	<Project>
		<Option title="emule" />
		<Option pch_mode="2" />
		<Option compiler="icc" />
		<Build>
			<Target title="Unicode_Release_Win32">
				<Option output="emule.exe" prefix_auto="1" extension_auto="1" />
				<Option object_output="Unicode_Release_Win32" />
				<Option type="0" />
				<Option compiler="icc" />
				<Compiler>
					<Add option="/fast" />
					<Add option="-W0" />
					<Add option="/DWIN32" />
					<Add option="/D_WINDOWS" />
					<Add option="/DNDEBUG" />
					<Add option="/DID3LIB_LINKOPTION=1" />
					<Add option="/DSUPPORT_LARGE_FILES" />
					<Add directory="." />
					<Add directory=".." />
					<Add directory="..\id3lib\include" />
					<Add directory="..\crypto.v52.1" />
				</Compiler>
				<ResourceCompiler>
					<Add directory="." />
					<Add directory=".." />
					<Add directory="..\id3lib\include" />
					<Add directory="..\crypto.v52.1" />
				</ResourceCompiler>
				<Linker>
					<Add option="/NODEFAULTLIB:kernel32.lib" />
					<Add option="/NODEFAULTLIB:advapi32.lib" />
					<Add option="/NODEFAULTLIB:user32.lib" />
					<Add option="/NODEFAULTLIB:gdi32.lib" />
					<Add option="/NODEFAULTLIB:shell32.lib" />
					<Add option="/NODEFAULTLIB:comdlg32.lib" />
					<Add option="/NODEFAULTLIB:version.lib" />
					<Add option="/NODEFAULTLIB:mpr.lib" />
					<Add option="/NODEFAULTLIB:rasapi32.lib" />
					<Add option="/NODEFAULTLIB:winmm.lib" />
					<Add option="/NODEFAULTLIB:winspool.lib" />
					<Add option="/NODEFAULTLIB:vfw32.lib" />
					<Add option="/NODEFAULTLIB:secur32.lib" />
					<Add option="/NODEFAULTLIB:oleacc.lib" />
					<Add option="/NODEFAULTLIB:oledlg.lib" />
					<Add option="/NODEFAULTLIB:sensapi.lib" />
					<Add option="/debug" />
					<Add library="unicows" />
					<Add library="kernel32" />
					<Add library="advapi32" />
					<Add library="user32" />
					<Add library="gdi32" />
					<Add library="shell32" />
					<Add library="comdlg32" />
					<Add library="version" />
					<Add library="mpr" />
					<Add library="rasapi32" />
					<Add library="winmm" />
					<Add library="winspool" />
					<Add library="vfw32" />
					<Add library="secur32" />
					<Add library="oleacc" />
					<Add library="oledlg" />
					<Add library="sensapi" />
					<Add library="ws2_32" />
					<Add library="gdiplus" />
					<Add library="ADSIId" />
					<Add library="crypt32" />
					<Add library="..\zlib\release\zlib" />
					<Add library="..\crypto51\release\cryptlib" />
					<Add library="..\id3lib\libprj\id3lib" />
					<Add library=".\CxImage\Release\cximage" />
					<Add library="..\png\Release\png" />
					<Add library="..\ResizableLib\ReleaseUnicode\ResizableLib" />
				</Linker>
			</Target>
		</Build>
		<Unit filename="..\docs\kademlia\changelog.txt" />
		<Unit filename="..\docs\readme.txt" />
		<Unit filename="3DPreviewControl.cpp" />
		<Unit filename="3DPreviewControl.h" />
		<Unit filename="AICHSyncThread.cpp" />
		<Unit filename="AICHSyncThread.h" />
		<Unit filename="AbstractFile.cpp" />
		<Unit filename="AbstractFile.h" />
		<Unit filename="AddFriend.cpp" />
		<Unit filename="AddFriend.h" />
		<Unit filename="AddSourceDlg.cpp" />
		<Unit filename="AddSourceDlg.h" />
		<Unit filename="Addons\FadeWnd\FadeWnd.cpp" />
		<Unit filename="Addons\FadeWnd\FadeWnd.h" />
		<Unit filename="Addons\SkinButtons\xSkinButton.cpp" />
		<Unit filename="Addons\SkinButtons\xSkinButton.h" />
		<Unit filename="Addons\SpeedGraph\SpeedGraph.cpp" />
		<Unit filename="Addons\SpeedGraph\SpeedGraph.h" />
		<Unit filename="Addons\SysInfo\GetCpuUsage.cpp" />
		<Unit filename="Addons\SysInfo\GetCpuUsage.h" />
		<Unit filename="Addons\SysInfo\MibAccess.cpp" />
		<Unit filename="Addons\SysInfo\MibAccess.h" />
		<Unit filename="Addons\SysInfo\PerfCounters.h" />
		<Unit filename="Addons\SysInfo\SysInfo.cpp" />
		<Unit filename="Addons\SysInfo\SysInfo.h" />
		<Unit filename="AdunanzA.cpp" />
		<Unit filename="AdunanzA.h" />
		<Unit filename="AfxBeginMsgMapTemplate.h" />
		<Unit filename="ArchivePreviewDlg.cpp" />
		<Unit filename="ArchivePreviewDlg.h" />
		<Unit filename="ArchiveRecovery.cpp" />
		<Unit filename="ArchiveRecovery.h" />
		<Unit filename="AsyncProxySocketLayer.cpp" />
		<Unit filename="AsyncProxySocketLayer.h" />
		<Unit filename="AsyncSocketEx.cpp" />
		<Unit filename="AsyncSocketEx.h" />
		<Unit filename="AsyncSocketExLayer.cpp" />
		<Unit filename="AsyncSocketExLayer.h" />
		<Unit filename="BandWidthControl.cpp" />
		<Unit filename="BandWidthControl.h" />
		<Unit filename="BarShader.cpp" />
		<Unit filename="BarShader.h" />
		<Unit filename="BaseClient.cpp" />
		<Unit filename="BtnST.cpp" />
		<Unit filename="BtnST.h" />
		<Unit filename="CBase64Coding.cpp" />
		<Unit filename="CBase64Coding.hpp" />
		<Unit filename="CatDialog.cpp" />
		<Unit filename="CatDialog.h" />
		<Unit filename="ChatSelector.cpp" />
		<Unit filename="ChatSelector.h" />
		<Unit filename="ChatWnd.cpp" />
		<Unit filename="ChatWnd.h" />
		<Unit filename="ClientCredits.cpp" />
		<Unit filename="ClientCredits.h" />
		<Unit filename="ClientDetailDialog.cpp" />
		<Unit filename="ClientDetailDialog.h" />
		<Unit filename="ClientList.cpp" />
		<Unit filename="ClientList.h" />
		<Unit filename="ClientListCtrl.cpp" />
		<Unit filename="ClientListCtrl.h" />
		<Unit filename="ClientUDPSocket.cpp" />
		<Unit filename="ClientUDPSocket.h" />
		<Unit filename="ClientVersionInfo.h" />
		<Unit filename="ClosableTabCtrl.cpp" />
		<Unit filename="ClosableTabCtrl.h" />
		<Unit filename="Collection.cpp" />
		<Unit filename="Collection.h" />
		<Unit filename="CollectionCreateDialog.cpp" />
		<Unit filename="CollectionCreateDialog.h" />
		<Unit filename="CollectionFile.cpp" />
		<Unit filename="CollectionFile.h" />
		<Unit filename="CollectionListCtrl.cpp" />
		<Unit filename="CollectionListCtrl.h" />
		<Unit filename="CollectionViewDialog.cpp" />
		<Unit filename="CollectionViewDialog.h" />
		<Unit filename="ColorButton.cpp" />
		<Unit filename="ColorButton.h" />
		<Unit filename="ColorFrameCtrl.cpp" />
		<Unit filename="ColorFrameCtrl.h" />
		<Unit filename="ColourPopup.cpp" />
		<Unit filename="ColourPopup.h" />
		<Unit filename="ComboBoxEx2.cpp" />
		<Unit filename="ComboBoxEx2.h" />
		<Unit filename="CommentDialog.cpp" />
		<Unit filename="CommentDialog.h" />
		<Unit filename="CommentDialogLst.cpp" />
		<Unit filename="CommentDialogLst.h" />
		<Unit filename="CommentListCtrl.cpp" />
		<Unit filename="CommentListCtrl.h" />
		<Unit filename="CorruptionBlackBox.cpp" />
		<Unit filename="CorruptionBlackBox.h" />
		<Unit filename="CreditsDlg.cpp" />
		<Unit filename="CreditsDlg.h" />
		<Unit filename="CreditsThread.cpp" />
		<Unit filename="CreditsThread.h" />
		<Unit filename="CustomAutoComplete.cpp" />
		<Unit filename="CustomAutoComplete.h" />
		<Unit filename="DAMessageBox.cpp" />
		<Unit filename="DAMessageBox.h" />
		<Unit filename="DLP.cpp" />
		<Unit filename="DLP.h" />
		<Unit filename="DeadSourceList.cpp" />
		<Unit filename="DeadSourceList.h" />
		<Unit filename="DebugHelpers.h" />
		<Unit filename="Debug_FileSize.h" />
		<Unit filename="DialogMinTrayBtn.cpp" />
		<Unit filename="DialogMinTrayBtn.h" />
		<Unit filename="DirectDownloadDlg.cpp" />
		<Unit filename="DirectDownloadDlg.h" />
		<Unit filename="DirectoryTreeCtrl.cpp" />
		<Unit filename="DirectoryTreeCtrl.h" />
		<Unit filename="DownloadClient.cpp" />
		<Unit filename="DownloadClientsCtrl.cpp" />
		<Unit filename="DownloadClientsCtrl.h" />
		<Unit filename="DownloadListCtrl.cpp" />
		<Unit filename="DownloadListCtrl.h" />
		<Unit filename="DownloadQueue.cpp" />
		<Unit filename="DownloadQueue.h" />
		<Unit filename="Drawgdix.h" />
		<Unit filename="DropDownButton.cpp" />
		<Unit filename="DropDownButton.h" />
		<Unit filename="DropTarget.cpp" />
		<Unit filename="DropTarget.h" />
		<Unit filename="ED2KLink.cpp" />
		<Unit filename="ED2KLink.h" />
		<Unit filename="ED2kLinkDlg.cpp" />
		<Unit filename="ED2kLinkDlg.h" />
		<Unit filename="EMF\WebBrowser.cpp" />
		<Unit filename="EMF\WebBrowser.h" />
		<Unit filename="EMF\WebTool.cpp" />
		<Unit filename="EMF\WebTool.h" />
		<Unit filename="EMSocket.cpp" />
		<Unit filename="EMSocket.h" />
		<Unit filename="EditDelayed.cpp" />
		<Unit filename="EditDelayed.h" />
		<Unit filename="EditX.cpp" />
		<Unit filename="EditX.h" />
		<Unit filename="Emule.cpp" />
		<Unit filename="Emule.h" />
		<Unit filename="EmuleDlg.cpp" />
		<Unit filename="EmuleDlg.h" />
		<Unit filename="EnBitmap.cpp" />
		<Unit filename="EnBitmap.h" />
		<Unit filename="EncryptedDatagramSocket.cpp" />
		<Unit filename="EncryptedDatagramSocket.h" />
		<Unit filename="EncryptedStreamSocket.cpp" />
		<Unit filename="EncryptedStreamSocket.h" />
		<Unit filename="Exceptions.h" />
		<Unit filename="FileDetailDialog.cpp" />
		<Unit filename="FileDetailDialog.h" />
		<Unit filename="FileDetailDialogInfo.cpp" />
		<Unit filename="FileDetailDialogInfo.h" />
		<Unit filename="FileDetailDialogName.cpp" />
		<Unit filename="FileDetailDialogName.h" />
		<Unit filename="FileInfoDialog.cpp" />
		<Unit filename="FileInfoDialog.h" />
		<Unit filename="FirewallOpener.cpp" />
		<Unit filename="FirewallOpener.h" />
		<Unit filename="Flex.skl" />
		<Unit filename="FrameGrabThread.cpp" />
		<Unit filename="FrameGrabThread.h" />
		<Unit filename="Friend.cpp" />
		<Unit filename="Friend.h" />
		<Unit filename="FriendList.cpp" />
		<Unit filename="FriendList.h" />
		<Unit filename="FriendListCtrl.cpp" />
		<Unit filename="FriendListCtrl.h" />
		<Unit filename="GDIThread.cpp" />
		<Unit filename="GDIThread.h" />
		<Unit filename="GZipFile.cpp" />
		<Unit filename="GZipFile.h" />
		<Unit filename="GradientStatic.cpp" />
		<Unit filename="GradientStatic.h" />
		<Unit filename="HTRichEditCtrl.cpp" />
		<Unit filename="HTRichEditCtrl.h" />
		<Unit filename="HighColorTab.hpp" />
		<Unit filename="HistoryListCtrl.cpp" />
		<Unit filename="HistoryListCtrl.h" />
		<Unit filename="HttpClientReqSocket.cpp" />
		<Unit filename="HttpClientReqSocket.h" />
		<Unit filename="HttpDownloadDlg.cpp" />
		<Unit filename="HttpDownloadDlg.h" />
		<Unit filename="HyperTextCtrl.cpp" />
		<Unit filename="HyperTextCtrl.h" />
		<Unit filename="I18n.cpp" />
		<Unit filename="IESecurity.cpp" />
		<Unit filename="IESecurity.h" />
		<Unit filename="IP2Country.cpp" />
		<Unit filename="IP2Country.h" />
		<Unit filename="IPFilter.cpp" />
		<Unit filename="IPFilter.h" />
		<Unit filename="IPFilterDlg.cpp" />
		<Unit filename="IPFilterDlg.h" />
		<Unit filename="IconStatic.cpp" />
		<Unit filename="IconStatic.h" />
		<Unit filename="Ini2.cpp" />
		<Unit filename="Ini2.h" />
		<Unit filename="InputBox.cpp" />
		<Unit filename="InputBox.h" />
		<Unit filename="IrcChannelListCtrl.cpp" />
		<Unit filename="IrcChannelListCtrl.h" />
		<Unit filename="IrcChannelTabCtrl.cpp" />
		<Unit filename="IrcChannelTabCtrl.h" />
		<Unit filename="IrcMain.cpp" />
		<Unit filename="IrcMain.h" />
		<Unit filename="IrcNickListCtrl.cpp" />
		<Unit filename="IrcNickListCtrl.h" />
		<Unit filename="IrcSocket.cpp" />
		<Unit filename="IrcSocket.h" />
		<Unit filename="IrcWnd.cpp" />
		<Unit filename="IrcWnd.h" />
		<Unit filename="KadContactHistogramCtrl.cpp" />
		<Unit filename="KadContactHistogramCtrl.h" />
		<Unit filename="KadContactListCtrl.cpp" />
		<Unit filename="KadContactListCtrl.h" />
		<Unit filename="KadSearchListCtrl.cpp" />
		<Unit filename="KadSearchListCtrl.h" />
		<Unit filename="KademliaWnd.cpp" />
		<Unit filename="KademliaWnd.h" />
		<Unit filename="KnownFile.cpp" />
		<Unit filename="KnownFile.h" />
		<Unit filename="KnownFileList.cpp" />
		<Unit filename="KnownFileList.h" />
		<Unit filename="LayeredWindowHelperST.cpp" />
		<Unit filename="LayeredWindowHelperST.h" />
		<Unit filename="ListBoxST.cpp" />
		<Unit filename="ListBoxST.h" />
		<Unit filename="ListCtrlEditable.cpp" />
		<Unit filename="ListCtrlEditable.h" />
		<Unit filename="ListCtrlItemWalk.h" />
		<Unit filename="ListCtrlX.cpp" />
		<Unit filename="ListCtrlX.h" />
		<Unit filename="ListViewSearchDlg.cpp" />
		<Unit filename="ListViewSearchDlg.h" />
		<Unit filename="ListViewWalkerPropertySheet.cpp" />
		<Unit filename="ListViewWalkerPropertySheet.h" />
		<Unit filename="ListenSocket.cpp" />
		<Unit filename="ListenSocket.h" />
		<Unit filename="Log.cpp" />
		<Unit filename="Log.h" />
		<Unit filename="MD4.cpp" />
		<Unit filename="MD4.h" />
		<Unit filename="MD4_asm.asm" />
		<Unit filename="MD5Sum.cpp" />
		<Unit filename="MD5Sum.h" />
		<Unit filename="MMServer.h" />
		<Unit filename="MMSocket.h" />
		<Unit filename="MapKey.h" />
		<Unit filename="MassRename.cpp" />
		<Unit filename="MassRename.h" />
		<Unit filename="Mdump.cpp" />
		<Unit filename="Mdump.h" />
		<Unit filename="MediaInfo.cpp" />
		<Unit filename="MediaInfo.h" />
		<Unit filename="MemDC.h" />
		<Unit filename="MenuCmds.h" />
		<Unit filename="MetaDataDlg.cpp" />
		<Unit filename="MetaDataDlg.h" />
		<Unit filename="MeterIcon.cpp" />
		<Unit filename="MeterIcon.h" />
		<Unit filename="MfcStaticBinaryCompatible.cpp" />
		<Unit filename="MiniMule.cpp" />
		<Unit filename="MiniMule.h" />
		<Unit filename="MuleListCtrl.cpp" />
		<Unit filename="MuleListCtrl.h" />
		<Unit filename="MuleStatusBarCtrl.cpp" />
		<Unit filename="MuleStatusBarCtrl.h" />
		<Unit filename="MuleSystrayDlg.cpp" />
		<Unit filename="MuleSystrayDlg.h" />
		<Unit filename="MuleToolBarCtrl.h" />
		<Unit filename="NatTraversal\NatSocket.cpp" />
		<Unit filename="NatTraversal\NatSocket.h" />
		<Unit filename="NatTraversal\NatThread.cpp" />
		<Unit filename="NatTraversal\NatThread.h" />
		<Unit filename="NatTraversal\TraverseByBuddy.cpp" />
		<Unit filename="NatTraversal\TraverseByBuddy.h" />
		<Unit filename="NatTraversal\TraverseBySourceExchange.cpp" />
		<Unit filename="NatTraversal\TraverseBySourceExchange.h" />
		<Unit filename="NatTraversal\TraverseBySvr.cpp" />
		<Unit filename="NatTraversal\TraverseBySvr.h" />
		<Unit filename="NatTraversal\TraverseStrategy.cpp" />
		<Unit filename="NatTraversal\TraverseStrategy.h" />
		<Unit filename="NetworkInfoDlg.cpp" />
		<Unit filename="NetworkInfoDlg.h" />
		<Unit filename="NumEdit.cpp" />
		<Unit filename="NumEdit.h" />
		<Unit filename="OScopeCtrl.cpp" />
		<Unit filename="OScopeCtrl.h" />
		<Unit filename="Opcodes.h" />
		<Unit filename="OtherFunctions.cpp" />
		<Unit filename="OtherFunctions.h" />
		<Unit filename="P2PThreat.cpp" />
		<Unit filename="P2PThreat.h" />
		<Unit filename="PPgConnection.cpp" />
		<Unit filename="PPgConnection.h" />
		<Unit filename="PPgDebug.cpp" />
		<Unit filename="PPgDebug.h" />
		<Unit filename="PPgDirectories.cpp" />
		<Unit filename="PPgDirectories.h" />
		<Unit filename="PPgDisplay.cpp" />
		<Unit filename="PPgDisplay.h" />
		<Unit filename="PPgFiles.cpp" />
		<Unit filename="PPgFiles.h" />
		<Unit filename="PPgGeneral.cpp" />
		<Unit filename="PPgGeneral.h" />
		<Unit filename="PPgIRC.cpp" />
		<Unit filename="PPgIRC.h" />
		<Unit filename="PPgMessages.cpp" />
		<Unit filename="PPgMessages.h" />
		<Unit filename="PPgNotify.cpp" />
		<Unit filename="PPgNotify.h" />
		<Unit filename="PPgProxy.cpp" />
		<Unit filename="PPgProxy.h" />
		<Unit filename="PPgSecurity.cpp" />
		<Unit filename="PPgSecurity.h" />
		<Unit filename="PPgServer.cpp" />
		<Unit filename="PPgServer.h" />
		<Unit filename="PPgStats.cpp" />
		<Unit filename="PPgStats.h" />
		<Unit filename="PPgTweaks.cpp" />
		<Unit filename="PPgTweaks.h" />
		<Unit filename="PPgWebServer.cpp" />
		<Unit filename="PPgWebServer.h" />
		<Unit filename="PPgXtreme.cpp" />
		<Unit filename="PPgXtreme.h" />
		<Unit filename="PPgXtreme2.cpp" />
		<Unit filename="PPgXtreme2.h" />
		<Unit filename="PPgeXtra.cpp" />
		<Unit filename="PPgeXtra.h" />
		<Unit filename="PShtWiz1.cpp" />
		<Unit filename="Packets.cpp" />
		<Unit filename="Packets.h" />
		<Unit filename="Parser.cpp" />
		<Unit filename="Parser.hpp" />
		<Unit filename="Parser.y" />
		<Unit filename="PartFile.cpp" />
		<Unit filename="PartFile.h" />
		<Unit filename="PartFileConvert.cpp" />
		<Unit filename="PartFileConvert.h" />
		<Unit filename="PeerCacheClient.cpp" />
		<Unit filename="PeerCacheClient.h" />
		<Unit filename="PeerCacheFinder.cpp" />
		<Unit filename="PeerCacheFinder.h" />
		<Unit filename="PeerCacheSocket.h" />
		<Unit filename="PerfLog.cpp" />
		<Unit filename="PerfLog.h" />
		<Unit filename="Pinger.cpp" />
		<Unit filename="Pinger.h" />
		<Unit filename="Preferences.cpp" />
		<Unit filename="Preferences.h" />
		<Unit filename="PreferencesDlg.cpp" />
		<Unit filename="PreferencesDlg.h" />
		<Unit filename="Preview.cpp" />
		<Unit filename="Preview.h" />
		<Unit filename="PreviewDlg.cpp" />
		<Unit filename="PreviewDlg.h" />
		<Unit filename="ProgressCtrlX.cpp" />
		<Unit filename="ProgressCtrlX.h" />
		<Unit filename="QArray.h" />
		<Unit filename="Quantize.cpp" />
		<Unit filename="Quantize.h" />
		<Unit filename="QueueListCtrl.cpp" />
		<Unit filename="QueueListCtrl.h" />
		<Unit filename="RARFile.cpp" />
		<Unit filename="RARFile.h" />
		<Unit filename="ReadWriteLock.cpp" />
		<Unit filename="ReadWriteLock.h" />
		<Unit filename="Resource.h" />
		<Unit filename="RichEditCtrlX.cpp" />
		<Unit filename="RichEditCtrlX.h" />
		<Unit filename="RichEditStream.cpp" />
		<Unit filename="RichEditStream.h" />
		<Unit filename="SHA.cpp" />
		<Unit filename="SHA.h" />
		<Unit filename="SHAHashSet.cpp" />
		<Unit filename="SHAHashSet.h" />
		<Unit filename="SHA_asm.asm" />
		<Unit filename="SafeFile.cpp" />
		<Unit filename="SafeFile.h" />
		<Unit filename="Scanner.cpp" />
		<Unit filename="Scanner.h" />
		<Unit filename="Scanner.l" />
		<Unit filename="SearchDlg.cpp" />
		<Unit filename="SearchDlg.h" />
		<Unit filename="SearchExpr.h" />
		<Unit filename="SearchFile.cpp" />
		<Unit filename="SearchFile.h" />
		<Unit filename="SearchFrm.h" />
		<Unit filename="SearchList.cpp" />
		<Unit filename="SearchList.h" />
		<Unit filename="SearchListCtrl.cpp" />
		<Unit filename="SearchListCtrl.h" />
		<Unit filename="SearchParams.h" />
		<Unit filename="SearchParamsWnd.cpp" />
		<Unit filename="SearchParamsWnd.h" />
		<Unit filename="SearchResultsWnd.cpp" />
		<Unit filename="SearchResultsWnd.h" />
		<Unit filename="SecRunAsUser.cpp" />
		<Unit filename="SecRunAsUser.h" />
		<Unit filename="SelfTest.cpp" />
		<Unit filename="Server.cpp" />
		<Unit filename="Server.h" />
		<Unit filename="ServerList.cpp" />
		<Unit filename="ServerList.h" />
		<Unit filename="ServerListCtrl.cpp" />
		<Unit filename="ServerListCtrl.h" />
		<Unit filename="ServerSocket.cpp" />
		<Unit filename="ServerSocket.h" />
		<Unit filename="ServerWnd.cpp" />
		<Unit filename="ServerWnd.h" />
		<Unit filename="SharedDirsTreeCtrl.cpp" />
		<Unit filename="SharedDirsTreeCtrl.h" />
		<Unit filename="SharedFileList.cpp" />
		<Unit filename="SharedFileList.h" />
		<Unit filename="SharedFilesCtrl.cpp" />
		<Unit filename="SharedFilesCtrl.h" />
		<Unit filename="SharedFilesWnd.cpp" />
		<Unit filename="SharedFilesWnd.h" />
		<Unit filename="Sockets.cpp" />
		<Unit filename="Sockets.h" />
		<Unit filename="SourceSaver.cpp" />
		<Unit filename="SourceSaver.h" />
		<Unit filename="SplashScreen.cpp" />
		<Unit filename="SplashScreen.h" />
		<Unit filename="SplashScreenEx.cpp" />
		<Unit filename="SplashScreenEx.h" />
		<Unit filename="SplitterControl.cpp" />
		<Unit filename="SplitterControl.h" />
		<Unit filename="StatisticFile.cpp" />
		<Unit filename="StatisticFile.h" />
		<Unit filename="Statistics.cpp" />
		<Unit filename="Statistics.h" />
		<Unit filename="StatisticsDlg.cpp" />
		<Unit filename="StatisticsDlg.h" />
		<Unit filename="StatisticsTree.cpp" />
		<Unit filename="StatisticsTree.h" />
		<Unit filename="Stdafx.cpp" />
		<Unit filename="Stdafx.h" />
		<Unit filename="StringConversion.cpp" />
		<Unit filename="StringConversion.h" />
		<Unit filename="TabCtrl.cpp" />
		<Unit filename="TabCtrl.hpp" />
		<Unit filename="TaskbarNotifier.cpp" />
		<Unit filename="TaskbarNotifier.h" />
		<Unit filename="ThrottledSocket.h" />
		<Unit filename="TimeTick.cpp" />
		<Unit filename="TimeTick.h" />
		<Unit filename="TitleMenu.cpp" />
		<Unit filename="TitleMenu.h" />
		<Unit filename="ToolBarCtrlX.cpp" />
		<Unit filename="ToolBarCtrlX.h" />
		<Unit filename="ToolTipCtrlX.cpp" />
		<Unit filename="ToolTipCtrlX.h" />
		<Unit filename="TransferWnd.cpp" />
		<Unit filename="TransferWnd.h" />
		<Unit filename="TrayDialog.cpp" />
		<Unit filename="TrayDialog.h" />
		<Unit filename="TrayMenuBtn.cpp" />
		<Unit filename="TrayMenuBtn.h" />
		<Unit filename="TreeOptionsCtrl.cpp" />
		<Unit filename="TreeOptionsCtrl.h" />
		<Unit filename="TreeOptionsCtrlEx.cpp" />
		<Unit filename="TreeOptionsCtrlEx.h" />
		<Unit filename="TreePropSheet.cpp" />
		<Unit filename="TreePropSheet.h" />
		<Unit filename="TreePropSheetPgFrame.cpp" />
		<Unit filename="TreePropSheetPgFrame.h" />
		<Unit filename="TreePropSheetPgFrameDef.cpp" />
		<Unit filename="TreePropSheetPgFrameDef.h" />
		<Unit filename="Types.h" />
		<Unit filename="UDPSocket.cpp" />
		<Unit filename="UDPSocket.h" />
		<Unit filename="UPnP.cpp" />
		<Unit filename="UPnP.h" />
		<Unit filename="URLClient.cpp" />
		<Unit filename="URLClient.h" />
		<Unit filename="UpdownClient.h" />
		<Unit filename="UploadBandwidthThrottler.cpp" />
		<Unit filename="UploadBandwidthThrottler.h" />
		<Unit filename="UploadClient.cpp" />
		<Unit filename="UploadListCtrl.cpp" />
		<Unit filename="UploadListCtrl.h" />
		<Unit filename="UploadQueue.cpp" />
		<Unit filename="UploadQueue.h" />
		<Unit filename="UserMsgs.h" />
		<Unit filename="Version.cpp" />
		<Unit filename="Version.h" />
		<Unit filename="VisualStylesXP.cpp" />
		<Unit filename="VisualStylesXP.h" />
		<Unit filename="WebServer.cpp" />
		<Unit filename="WebServer.h" />
		<Unit filename="WebServices.h" />
		<Unit filename="WebSocket.cpp" />
		<Unit filename="WebSocket.h" />
		<Unit filename="Wizard.cpp" />
		<Unit filename="Wizard.h" />
		<Unit filename="WndUtil.h" />
		<Unit filename="ZIPFile.cpp" />
		<Unit filename="ZIPFile.h" />
		<Unit filename="emule.rc">
			<Option compilerVar="WINDRES" />
		</Unit>
		<Unit filename="fileformat.h" />
		<Unit filename="kademlia\io\BufferedFileIO.cpp" />
		<Unit filename="kademlia\io\BufferedFileIO.h" />
		<Unit filename="kademlia\io\ByteIO.cpp" />
		<Unit filename="kademlia\io\ByteIO.h" />
		<Unit filename="kademlia\io\DataIO.cpp" />
		<Unit filename="kademlia\io\DataIO.h" />
		<Unit filename="kademlia\io\FileIO.cpp" />
		<Unit filename="kademlia\io\FileIO.h" />
		<Unit filename="kademlia\io\IOException.cpp" />
		<Unit filename="kademlia\io\IOException.h" />
		<Unit filename="kademlia\kademlia\Defines.h" />
		<Unit filename="kademlia\kademlia\Entry.cpp" />
		<Unit filename="kademlia\kademlia\Entry.h" />
		<Unit filename="kademlia\kademlia\Error.h" />
		<Unit filename="kademlia\kademlia\Indexed.cpp" />
		<Unit filename="kademlia\kademlia\Indexed.h" />
		<Unit filename="kademlia\kademlia\Kademlia.cpp" />
		<Unit filename="kademlia\kademlia\Kademlia.h" />
		<Unit filename="kademlia\kademlia\Prefs.cpp" />
		<Unit filename="kademlia\kademlia\Prefs.h" />
		<Unit filename="kademlia\kademlia\Search.cpp" />
		<Unit filename="kademlia\kademlia\Search.h" />
		<Unit filename="kademlia\kademlia\SearchManager.cpp" />
		<Unit filename="kademlia\kademlia\SearchManager.h" />
		<Unit filename="kademlia\kademlia\Tag.h" />
		<Unit filename="kademlia\net\KademliaUDPListener.cpp" />
		<Unit filename="kademlia\net\KademliaUDPListener.h" />
		<Unit filename="kademlia\routing\Contact.cpp" />
		<Unit filename="kademlia\routing\Contact.h" />
		<Unit filename="kademlia\routing\Maps.h" />
		<Unit filename="kademlia\routing\RoutingBin.cpp" />
		<Unit filename="kademlia\routing\RoutingBin.h" />
		<Unit filename="kademlia\routing\RoutingZone.cpp" />
		<Unit filename="kademlia\routing\RoutingZone.h" />
		<Unit filename="kademlia\utils\LittleEndian.cpp" />
		<Unit filename="kademlia\utils\LittleEndian.h" />
		<Unit filename="kademlia\utils\MiscUtils.cpp" />
		<Unit filename="kademlia\utils\MiscUtils.h" />
		<Unit filename="kademlia\utils\ThreadName.cpp" />
		<Unit filename="kademlia\utils\ThreadName.h" />
		<Unit filename="kademlia\utils\UInt128.cpp" />
		<Unit filename="kademlia\utils\UInt128.h" />
		<Unit filename="langids.h" />
		<Unit filename="res\3053.bmp" />
		<Unit filename="res\3054.bmp" />
		<Unit filename="res\3055.bmp" />
		<Unit filename="res\3056.bmp" />
		<Unit filename="res\3057.bmp" />
		<Unit filename="res\ArchivePreview.ico" />
		<Unit filename="res\Cancel.ico" />
		<Unit filename="res\Category.ico" />
		<Unit filename="res\Chat.ico" />
		<Unit filename="res\Client0.ico" />
		<Unit filename="res\Client1.ico" />
		<Unit filename="res\Client2.ico" />
		<Unit filename="res\Client3.ico" />
		<Unit filename="res\Client4.ico" />
		<Unit filename="res\ClientCompatible.ico" />
		<Unit filename="res\ClientCompatiblePlus.ico" />
		<Unit filename="res\ClientDefault.ico" />
		<Unit filename="res\ClientDefaultPlus.ico" />
		<Unit filename="res\ClientFriend.ico" />
		<Unit filename="res\ClientFriendPlus.ico" />
		<Unit filename="res\ClientMLDonkey.ico" />
		<Unit filename="res\ClientMLDonkeyPlus.ico" />
		<Unit filename="res\ClientSecureHashOvl.ico" />
		<Unit filename="res\ClientShareaza.ico" />
		<Unit filename="res\ClientShareazaPlus.ico" />
		<Unit filename="res\ClientaMule.ico" />
		<Unit filename="res\ClientaMulePlus.ico" />
		<Unit filename="res\ClienteDonkey.ico" />
		<Unit filename="res\ClienteDonkeyHybrid.ico" />
		<Unit filename="res\ClienteDonkeyHybridPlus.ico" />
		<Unit filename="res\ClienteDonkeyPlus.ico" />
		<Unit filename="res\ClientlPhant.ico" />
		<Unit filename="res\ClientlPhantPlus.ico" />
		<Unit filename="res\Clientobfuovl.ICO" />
		<Unit filename="res\ClientsKnown.ico" />
		<Unit filename="res\ClientsOnQueue.ico" />
		<Unit filename="res\Clientsecurehasobfuhovl.ICO" />
		<Unit filename="res\Close.ico" />
		<Unit filename="res\Collapse.ico" />
		<Unit filename="res\Comments.ico" />
		<Unit filename="res\ConnectDo.ico" />
		<Unit filename="res\ConnectDrop.ico" />
		<Unit filename="res\ConnectStop.ico" />
		<Unit filename="res\Connected.gif" />
		<Unit filename="res\ConnectedHighHigh.gif" />
		<Unit filename="res\ConnectedHighHigh.ico" />
		<Unit filename="res\ConnectedHighLow.gif" />
		<Unit filename="res\ConnectedHighLow.ico" />
		<Unit filename="res\ConnectedHighNot.gif" />
		<Unit filename="res\ConnectedHighNot.ico" />
		<Unit filename="res\ConnectedLowHigh.gif" />
		<Unit filename="res\ConnectedLowHigh.ico" />
		<Unit filename="res\ConnectedLowLow.gif" />
		<Unit filename="res\ConnectedLowLow.ico" />
		<Unit filename="res\ConnectedLowNot.gif" />
		<Unit filename="res\ConnectedLowNot.ico" />
		<Unit filename="res\ConnectedNotHigh.gif" />
		<Unit filename="res\ConnectedNotHigh.ico" />
		<Unit filename="res\ConnectedNotLow.gif" />
		<Unit filename="res\ConnectedNotLow.ico" />
		<Unit filename="res\ConnectedNotNot.gif" />
		<Unit filename="res\ConnectedNotNot.ico" />
		<Unit filename="res\Connection.ico" />
		<Unit filename="res\Contact0.ico" />
		<Unit filename="res\Contact1.ico" />
		<Unit filename="res\Contact2.ico" />
		<Unit filename="res\Contact3.ico" />
		<Unit filename="res\Contact4.ico" />
		<Unit filename="res\Convert.ico" />
		<Unit filename="res\Copy.ico" />
		<Unit filename="res\CopySelected.ico" />
		<Unit filename="res\CopyVisible.ico" />
		<Unit filename="res\CycleView.ico" />
		<Unit filename="res\Delete.ico" />
		<Unit filename="res\DeleteAll.ico" />
		<Unit filename="res\DeleteSelected.ico" />
		<Unit filename="res\DirectDownload.ico" />
		<Unit filename="res\Display.ico" />
		<Unit filename="res\Download.gif" />
		<Unit filename="res\Download.ico" />
		<Unit filename="res\DownloadFiles.ico" />
		<Unit filename="res\Dropicon.ico" />
		<Unit filename="res\EMF\BROWSER_BACK1.bmp" />
		<Unit filename="res\EMF\BROWSER_BACK2.bmp" />
		<Unit filename="res\EMF\BROWSER_BACK3.bmp" />
		<Unit filename="res\EMF\BROWSER_BG.bmp" />
		<Unit filename="res\EMF\BROWSER_GOHOME1.bmp" />
		<Unit filename="res\EMF\BROWSER_GOHOME2.bmp" />
		<Unit filename="res\EMF\BROWSER_GOHOME3.bmp" />
		<Unit filename="res\EMF\BROWSER_NEXT1.bmp" />
		<Unit filename="res\EMF\BROWSER_NEXT2.bmp" />
		<Unit filename="res\EMF\BROWSER_NEXT3.bmp" />
		<Unit filename="res\EMF\BROWSER_REFRESH1.bmp" />
		<Unit filename="res\EMF\BROWSER_REFRESH2.bmp" />
		<Unit filename="res\EMF\BROWSER_REFRESH3.bmp" />
		<Unit filename="res\EMF\BROWSER_STOP1.bmp" />
		<Unit filename="res\EMF\BROWSER_STOP2.bmp" />
		<Unit filename="res\EMF\BROWSER_STOP3.bmp" />
		<Unit filename="res\Empty.ico" />
		<Unit filename="res\Exit.ico" />
		<Unit filename="res\ExpandAll.ico" />
		<Unit filename="res\ExpandAll2.ico" />
		<Unit filename="res\ExportAll.ico" />
		<Unit filename="res\ExportSelected.ico" />
		<Unit filename="res\FileComments.ico" />
		<Unit filename="res\FileCommentsOvl.ico" />
		<Unit filename="res\FileDonkey.ico" />
		<Unit filename="res\FileInfo.gif" />
		<Unit filename="res\FileInfo.ico" />
		<Unit filename="res\FileMassRename.ico" />
		<Unit filename="res\FileOpen.ico" />
		<Unit filename="res\FilePriority.ico" />
		<Unit filename="res\FileRating0.ico" />
		<Unit filename="res\FileRating1.ico" />
		<Unit filename="res\FileRating2.ico" />
		<Unit filename="res\FileRating3.ico" />
		<Unit filename="res\FileRating4.ico" />
		<Unit filename="res\FileRating5.ico" />
		<Unit filename="res\FileRename.ico" />
		<Unit filename="res\FileRequested.ico" />
		<Unit filename="res\FileSharedKad.ico" />
		<Unit filename="res\FileSharedServer.ico" />
		<Unit filename="res\FileTypeAny.ico" />
		<Unit filename="res\FileTypeArchive.ico" />
		<Unit filename="res\FileTypeAudio.ico" />
		<Unit filename="res\FileTypeCDImage.ico" />
		<Unit filename="res\FileTypeDocument.ico" />
		<Unit filename="res\FileTypeEmuleCollection.ico" />
		<Unit filename="res\FileTypePicture.ico" />
		<Unit filename="res\FileTypeProgram.ico" />
		<Unit filename="res\FileTypeVideo.ico" />
		<Unit filename="res\FolderOpen.gif" />
		<Unit filename="res\FolderOpen.ico" />
		<Unit filename="res\Folders.ico" />
		<Unit filename="res\Friend.ico" />
		<Unit filename="res\FriendSlot.ico" />
		<Unit filename="res\FriendSlotOvl.ico" />
		<Unit filename="res\Friends1.ico" />
		<Unit filename="res\Friends2.ico" />
		<Unit filename="res\Friends3.ico" />
		<Unit filename="res\Global.ico" />
		<Unit filename="res\HardDisk.gif" />
		<Unit filename="res\HardDisk.ico" />
		<Unit filename="res\Help.ico" />
		<Unit filename="res\IPFilter.ico" />
		<Unit filename="res\IRC.ico" />
		<Unit filename="res\IRCClipboard.ico" />
		<Unit filename="res\Import.ico" />
		<Unit filename="res\Incoming.ico" />
		<Unit filename="res\InetDownload.avi" />
		<Unit filename="res\Info.ico" />
		<Unit filename="res\Kad.ico" />
		<Unit filename="res\KadBootstrap.ico" />
		<Unit filename="res\KadContactList.ico" />
		<Unit filename="res\KadCurrentSearches.ico" />
		<Unit filename="res\KadFileSearch.ico" />
		<Unit filename="res\KadNodeSearch.ico" />
		<Unit filename="res\KadStoreFile.ico" />
		<Unit filename="res\KadStoreWord.ico" />
		<Unit filename="res\KadWordSearch.ico" />
		<Unit filename="res\ListAdd.ico" />
		<Unit filename="res\ListRemove.ico" />
		<Unit filename="res\ListViewSortDown.bmp" />
		<Unit filename="res\ListViewSortDown2x.bmp" />
		<Unit filename="res\ListViewSortUp.bmp" />
		<Unit filename="res\ListViewSortUp2x.bmp" />
		<Unit filename="res\Log.ico" />
		<Unit filename="res\Logo.jpg" />
		<Unit filename="res\MediaInfo.ico" />
		<Unit filename="res\Message.ico" />
		<Unit filename="res\MessagePending.ico" />
		<Unit filename="res\Messages.ico" />
		<Unit filename="res\MetaData.ico" />
		<Unit filename="res\MiniMule.htm" />
		<Unit filename="res\MiniMuleBack.gif" />
		<Unit filename="res\Mule.ico" />
		<Unit filename="res\NavigateBack.ico" />
		<Unit filename="res\NavigateForward.ico" />
		<Unit filename="res\Notifications.ico" />
		<Unit filename="res\Pause.ico" />
		<Unit filename="res\Preferences.gif" />
		<Unit filename="res\Preferences.ico" />
		<Unit filename="res\Preview.ico" />
		<Unit filename="res\Priority.ico" />
		<Unit filename="res\PriorityAuto.ico" />
		<Unit filename="res\PriorityHigh.ico" />
		<Unit filename="res\PriorityLow.ico" />
		<Unit filename="res\PriorityNormal.ico" />
		<Unit filename="res\Proxy.ico" />
		<Unit filename="res\Rating.ico" />
		<Unit filename="res\RatingBad.ico" />
		<Unit filename="res\Records.ico" />
		<Unit filename="res\Rename.ico" />
		<Unit filename="res\Restore.ico" />
		<Unit filename="res\RestoreWindow.gif" />
		<Unit filename="res\RestoreWindow.ico" />
		<Unit filename="res\Scheduler.ico" />
		<Unit filename="res\Search.ico" />
		<Unit filename="res\SearchEdit.ico" />
		<Unit filename="res\SearchGlobalActive.ico" />
		<Unit filename="res\SearchKad.ico" />
		<Unit filename="res\SearchKadActive.ico" />
		<Unit filename="res\SearchParams.ico" />
		<Unit filename="res\SearchResults.ico" />
		<Unit filename="res\SearchServerActive.ico" />
		<Unit filename="res\Security.ico" />
		<Unit filename="res\Server.ico" />
		<Unit filename="res\ServerAdd.ico" />
		<Unit filename="res\ServerInfo.ico" />
		<Unit filename="res\ServerList.ico" />
		<Unit filename="res\ServerSearch.ico" />
		<Unit filename="res\ServersUpdate.ico" />
		<Unit filename="res\SharedFiles.ico" />
		<Unit filename="res\SharedFilesList.ico" />
		<Unit filename="res\Speed.ico" />
		<Unit filename="res\SpeedMax.ico" />
		<Unit filename="res\SpeedMin.ico" />
		<Unit filename="res\SplitWindow.ico" />
		<Unit filename="res\Start.ico" />
		<Unit filename="res\Statistics.ico" />
		<Unit filename="res\StatisticsDetail.ico" />
		<Unit filename="res\StatsCumulative.ico" />
		<Unit filename="res\StatsDay.ico" />
		<Unit filename="res\StatsGeneric.ico" />
		<Unit filename="res\StatsMonth.ico" />
		<Unit filename="res\StatsProjected.ico" />
		<Unit filename="res\StatsTime.ico" />
		<Unit filename="res\StatsYear.ico" />
		<Unit filename="res\Stop.ico" />
		<Unit filename="res\TaskbarNotifier.gif" />
		<Unit filename="res\Tools.ico" />
		<Unit filename="res\Transfer.ico" />
		<Unit filename="res\TransferUpDown.ico" />
		<Unit filename="res\TrayBtnBlue.bmp" />
		<Unit filename="res\TrayBtnHomestead.bmp" />
		<Unit filename="res\TrayBtnMetallic.bmp" />
		<Unit filename="res\TrayConnected.ico" />
		<Unit filename="res\TrayDisconnected.ico" />
		<Unit filename="res\TrayLowID.ico" />
		<Unit filename="res\Tweak.ico" />
		<Unit filename="res\Up0down0.ico" />
		<Unit filename="res\Up0down1.ico" />
		<Unit filename="res\Up1down0.ico" />
		<Unit filename="res\Up1down1.ico" />
		<Unit filename="res\Upload.gif" />
		<Unit filename="res\Upload.ico" />
		<Unit filename="res\User.ico" />
		<Unit filename="res\UserAdd.ico" />
		<Unit filename="res\UserDelete.ico" />
		<Unit filename="res\UserDetails.ico" />
		<Unit filename="res\UserFiles.ico" />
		<Unit filename="res\UserMessage.ico" />
		<Unit filename="res\ViewDownload.ico" />
		<Unit filename="res\ViewUpDown.ico" />
		<Unit filename="res\ViewUpload.ico" />
		<Unit filename="res\Web.ico" />
		<Unit filename="res\WideCharLowerMap.bin" />
		<Unit filename="res\Wizard.ico" />
		<Unit filename="res\Wizzard.ico" />
		<Unit filename="res\X-Ray\ConnectionState\ConnectedKad.ico" />
		<Unit filename="res\X-Ray\ConnectionState\ConnectedKadLow.ico" />
		<Unit filename="res\X-Ray\ConnectionState\ConnectedKadNot.ico" />
		<Unit filename="res\X-Ray\ConnectionState\ConnectedServer.ico" />
		<Unit filename="res\X-Ray\ConnectionState\ConnectedServerLow.ico" />
		<Unit filename="res\X-Ray\ConnectionState\ConnectedServerNot.ico" />
		<Unit filename="res\X-Ray\Statusbar\Files.ico" />
		<Unit filename="res\X-Ray\Statusbar\SysInfo.ico" />
		<Unit filename="res\X-Ray\Statusbar\Users.ico" />
		<Unit filename="res\X-Ray\Toolbar\toolbar_center.jpg" />
		<Unit filename="res\X-Ray\Toolbar\toolbar_left.jpg" />
		<Unit filename="res\X-Ray\Toolbar\toolbar_right.jpg" />
		<Unit filename="res\X-Ray\Toolbar\toolbarbtn_connect_click.bmp" />
		<Unit filename="res\X-Ray\Toolbar\toolbarbtn_connect_normal.bmp" />
		<Unit filename="res\X-Ray\Toolbar\toolbarbtn_connect_over.bmp" />
		<Unit filename="res\X-Ray\Toolbar\toolbarbtn_connecting_click.bmp" />
		<Unit filename="res\X-Ray\Toolbar\toolbarbtn_connecting_over.bmp" />
		<Unit filename="res\X-Ray\Toolbar\toolbarbtn_disconnect_over.bmp" />
		<Unit filename="res\X-Ray\Toolbar\toolbarbtn_files_click.bmp" />
		<Unit filename="res\X-Ray\Toolbar\toolbarbtn_files_normal.bmp" />
		<Unit filename="res\X-Ray\Toolbar\toolbarbtn_files_over.bmp" />
		<Unit filename="res\X-Ray\Toolbar\toolbarbtn_irc_click.bmp" />
		<Unit filename="res\X-Ray\Toolbar\toolbarbtn_irc_normal.bmp" />
		<Unit filename="res\X-Ray\Toolbar\toolbarbtn_irc_over.bmp" />
		<Unit filename="res\X-Ray\Toolbar\toolbarbtn_kademlia_click.bmp" />
		<Unit filename="res\X-Ray\Toolbar\toolbarbtn_kademlia_normal.bmp" />
		<Unit filename="res\X-Ray\Toolbar\toolbarbtn_kademlia_over.bmp" />
		<Unit filename="res\X-Ray\Toolbar\toolbarbtn_messages_click.bmp" />
		<Unit filename="res\X-Ray\Toolbar\toolbarbtn_messages_normal.bmp" />
		<Unit filename="res\X-Ray\Toolbar\toolbarbtn_messages_over.bmp" />
		<Unit filename="res\X-Ray\Toolbar\toolbarbtn_preferences_click.bmp" />
		<Unit filename="res\X-Ray\Toolbar\toolbarbtn_preferences_normal.bmp" />
		<Unit filename="res\X-Ray\Toolbar\toolbarbtn_preferences_over.bmp" />
		<Unit filename="res\X-Ray\Toolbar\toolbarbtn_search_click.bmp" />
		<Unit filename="res\X-Ray\Toolbar\toolbarbtn_search_normal.bmp" />
		<Unit filename="res\X-Ray\Toolbar\toolbarbtn_search_over.bmp" />
		<Unit filename="res\X-Ray\Toolbar\toolbarbtn_server_click.bmp" />
		<Unit filename="res\X-Ray\Toolbar\toolbarbtn_server_normal.bmp" />
		<Unit filename="res\X-Ray\Toolbar\toolbarbtn_server_over.bmp" />
		<Unit filename="res\X-Ray\Toolbar\toolbarbtn_statistic_click.bmp" />
		<Unit filename="res\X-Ray\Toolbar\toolbarbtn_statistic_normal.bmp" />
		<Unit filename="res\X-Ray\Toolbar\toolbarbtn_statistic_over.bmp" />
		<Unit filename="res\X-Ray\Toolbar\toolbarbtn_transfer_click.bmp" />
		<Unit filename="res\X-Ray\Toolbar\toolbarbtn_transfer_normal.bmp" />
		<Unit filename="res\X-Ray\Toolbar\toolbarbtn_transfer_over.bmp" />
		<Unit filename="res\all.ico" />
		<Unit filename="res\bold.ico" />
		<Unit filename="res\clear1.ico" />
		<Unit filename="res\clear2.ico" />
		<Unit filename="res\clientml.ico" />
		<Unit filename="res\colour.ico" />
		<Unit filename="res\dis_file.ico" />
		<Unit filename="res\eD2kLink.ico" />
		<Unit filename="res\eD2kLinkPaste.ico" />
		<Unit filename="res\eXtra.ico" />
		<Unit filename="res\emule.manifest" />
		<Unit filename="res\emule.rc2" />
		<Unit filename="res\emuleColl.ico" />
		<Unit filename="res\emuleCollAdd.ico" />
		<Unit filename="res\emuleCollEdit.ico" />
		<Unit filename="res\emuleCollSearch.ico" />
		<Unit filename="res\emuleCollView.ico" />
		<Unit filename="res\emuleCollectionFileType.ico" />
		<Unit filename="res\friends1slot.ICO" />
		<Unit filename="res\friends2slot.ICO" />
		<Unit filename="res\friends3slot.ICO" />
		<Unit filename="res\incomplete.ico" />
		<Unit filename="res\leecher.ICO" />
		<Unit filename="res\mule_wiz.gif" />
		<Unit filename="res\mule_wiz_hdr.gif" />
		<Unit filename="res\queue.ico" />
		<Unit filename="res\resetformat.ico" />
		<Unit filename="res\sidebanner.jpg" />
		<Unit filename="res\skin\3036.bmp" />
		<Unit filename="res\splash.bmp" />
		<Unit filename="res\tray_conectado.ico" />
		<Unit filename="res\tray_desconectado.ico" />
		<Unit filename="res\tray_lowid.ico" />
		<Unit filename="res\underline.ico" />
		<Unit filename="..\setup\Template.eMuleSkin.ini" />
		<Unit filename="..\setup\eMule Light.tmpl" />
		<Unit filename="..\setup\eMule.tmpl" />
		<Unit filename="..\setup\staticservers.dat" />
		<Unit filename="..\setup\webservices.dat" />
		<Extensions>
			<code_completion />
		</Extensions>
	</Project>
</CodeBlocks_project_file>
