<?xml version="1.0" encoding="utf-8"?>
<Project ToolsVersion="4.0" xmlns="http://schemas.microsoft.com/developer/msbuild/2003">
  <ItemGroup>
    <Filter Include="Source Files">
      <UniqueIdentifier>{c4b196d3-a6bd-4cda-a52e-645841286872}</UniqueIdentifier>
      <Extensions>cpp;c;cxx;rc;def;r;odl;idl;hpj;bat</Extensions>
    </Filter>
    <Filter Include="Header Files">
      <UniqueIdentifier>{fa017ce6-8690-461f-a689-201bdddf84f5}</UniqueIdentifier>
      <Extensions>h;hpp;hxx;hm;inl</Extensions>
    </Filter>
    <Filter Include="Doc">
      <UniqueIdentifier>{f2787a65-a285-415d-b3b1-6946a96f2a00}</UniqueIdentifier>
    </Filter>
  </ItemGroup>
  <ItemGroup>
    <ClCompile Include="ResizableDialog.cpp">
      <Filter>Source Files</Filter>
    </ClCompile>
    <ClCompile Include="ResizableFormView.cpp">
      <Filter>Source Files</Filter>
    </ClCompile>
    <ClCompile Include="ResizableFrame.cpp">
      <Filter>Source Files</Filter>
    </ClCompile>
    <ClCompile Include="ResizableGrip.cpp">
      <Filter>Source Files</Filter>
    </ClCompile>
    <ClCompile Include="ResizableLayout.cpp">
      <Filter>Source Files</Filter>
    </ClCompile>
    <ClCompile Include="ResizableMDIChild.cpp">
      <Filter>Source Files</Filter>
    </ClCompile>
    <ClCompile Include="ResizableMDIFrame.cpp">
      <Filter>Source Files</Filter>
    </ClCompile>
    <ClCompile Include="ResizableMinMax.cpp">
      <Filter>Source Files</Filter>
    </ClCompile>
    <ClCompile Include="ResizablePage.cpp">
      <Filter>Source Files</Filter>
    </ClCompile>
    <ClCompile Include="ResizablePageEx.cpp">
      <Filter>Source Files</Filter>
    </ClCompile>
    <ClCompile Include="ResizableSheet.cpp">
      <Filter>Source Files</Filter>
    </ClCompile>
    <ClCompile Include="ResizableSheetEx.cpp">
      <Filter>Source Files</Filter>
    </ClCompile>
    <ClCompile Include="ResizableState.cpp">
      <Filter>Source Files</Filter>
    </ClCompile>
    <ClCompile Include="StdAfx.cpp">
      <Filter>Source Files</Filter>
    </ClCompile>
  </ItemGroup>
  <ItemGroup>
    <ClInclude Include="ResizableDialog.h">
      <Filter>Header Files</Filter>
    </ClInclude>
    <ClInclude Include="ResizableFormView.h">
      <Filter>Header Files</Filter>
    </ClInclude>
    <ClInclude Include="ResizableFrame.h">
      <Filter>Header Files</Filter>
    </ClInclude>
    <ClInclude Include="ResizableGrip.h">
      <Filter>Header Files</Filter>
    </ClInclude>
    <ClInclude Include="ResizableLayout.h">
      <Filter>Header Files</Filter>
    </ClInclude>
    <ClInclude Include="ResizableMDIChild.h">
      <Filter>Header Files</Filter>
    </ClInclude>
    <ClInclude Include="ResizableMDIFrame.h">
      <Filter>Header Files</Filter>
    </ClInclude>
    <ClInclude Include="ResizableMinMax.h">
      <Filter>Header Files</Filter>
    </ClInclude>
    <ClInclude Include="ResizableMsgSupport.h">
      <Filter>Header Files</Filter>
    </ClInclude>
    <ClInclude Include="ResizablePage.h">
      <Filter>Header Files</Filter>
    </ClInclude>
    <ClInclude Include="ResizablePageEx.h">
      <Filter>Header Files</Filter>
    </ClInclude>
    <ClInclude Include="ResizableSheet.h">
      <Filter>Header Files</Filter>
    </ClInclude>
    <ClInclude Include="ResizableSheetEx.h">
      <Filter>Header Files</Filter>
    </ClInclude>
    <ClInclude Include="ResizableState.h">
      <Filter>Header Files</Filter>
    </ClInclude>
    <ClInclude Include="StdAfx.h">
      <Filter>Header Files</Filter>
    </ClInclude>
  </ItemGroup>
  <ItemGroup>
    <None Include="ResizableMsgSupport.inl">
      <Filter>Header Files</Filter>
    </None>
    <None Include="Docs\DoDoxygen.bat">
      <Filter>Doc</Filter>
    </None>
    <None Include="Docs\doxyfile.txt">
      <Filter>Doc</Filter>
    </None>
    <None Include="Artistic-License.txt" />
  </ItemGroup>
</Project>