Microsoft Visual Studio Solution File, Format Version 10.00
# Visual Studio 2008
Project("{8BC9CEB8-8B4A-11D0-8D11-00A0C91BC942}") = "flag", "flag.vcproj", "{499FC6E6-5968-4D83-9FB0-7F2805FC2F91}"
EndProject
Global
	GlobalSection(SolutionConfigurationPlatforms) = preSolution
		Dynamic|Win32 = Dynamic|Win32
		Static|Win32 = Static|Win32
	EndGlobalSection
	GlobalSection(ProjectConfigurationPlatforms) = postSolution
		{499FC6E6-5968-4D83-9FB0-7F2805FC2F91}.Dynamic|Win32.ActiveCfg = Dynamic|Win32
		{499FC6E6-5968-4D83-9FB0-7F2805FC2F91}.Dynamic|Win32.Build.0 = Dynamic|Win32
		{499FC6E6-5968-4D83-9FB0-7F2805FC2F91}.Static|Win32.ActiveCfg = Static|Win32
		{499FC6E6-5968-4D83-9FB0-7F2805FC2F91}.Static|Win32.Build.0 = Static|Win32
	EndGlobalSection
	GlobalSection(SolutionProperties) = preSolution
		HideSolutionNode = FALSE
	EndGlobalSection
EndGlobal
