
Microsoft Visual Studio Solution File, Format Version 11.00
# Visual Studio 2010
Project("{8BC9CEB8-8B4A-11D0-8D11-00A0C91BC942}") = "zlib", "zlib.vcxproj", "{350B721F-9E77-4FBE-AEE0-3CBB08E0CD22}"
EndProject
Global
	GlobalSection(SolutionConfigurationPlatforms) = preSolution
		Debug|Win32 = Debug|Win32
		Debug|x64 = Debug|x64
		Release|Win32 = Release|Win32
		Release|x64 = Release|x64
		ReleaseNOSSE|Win32 = ReleaseNOSSE|Win32
		ReleaseNOSSE|x64 = ReleaseNOSSE|x64
		SharedDebug|Win32 = SharedDebug|Win32
		SharedDebug|x64 = SharedDebug|x64
		SharedRelease|Win32 = SharedRelease|Win32
		SharedRelease|x64 = SharedRelease|x64
	EndGlobalSection
	GlobalSection(ProjectConfigurationPlatforms) = postSolution
		{350B721F-9E77-4FBE-AEE0-3CBB08E0CD22}.Debug|Win32.ActiveCfg = Debug|Win32
		{350B721F-9E77-4FBE-AEE0-3CBB08E0CD22}.Debug|Win32.Build.0 = Debug|Win32
		{350B721F-9E77-4FBE-AEE0-3CBB08E0CD22}.Debug|x64.ActiveCfg = Debug|x64
		{350B721F-9E77-4FBE-AEE0-3CBB08E0CD22}.Debug|x64.Build.0 = Debug|x64
		{350B721F-9E77-4FBE-AEE0-3CBB08E0CD22}.Release|Win32.ActiveCfg = Release|Win32
		{350B721F-9E77-4FBE-AEE0-3CBB08E0CD22}.Release|Win32.Build.0 = Release|Win32
		{350B721F-9E77-4FBE-AEE0-3CBB08E0CD22}.Release|x64.ActiveCfg = Release|x64
		{350B721F-9E77-4FBE-AEE0-3CBB08E0CD22}.Release|x64.Build.0 = Release|x64
		{350B721F-9E77-4FBE-AEE0-3CBB08E0CD22}.ReleaseNOSSE|Win32.ActiveCfg = ReleaseNOSSE|Win32
		{350B721F-9E77-4FBE-AEE0-3CBB08E0CD22}.ReleaseNOSSE|Win32.Build.0 = ReleaseNOSSE|Win32
		{350B721F-9E77-4FBE-AEE0-3CBB08E0CD22}.ReleaseNOSSE|x64.ActiveCfg = ReleaseNOSSE|x64
		{350B721F-9E77-4FBE-AEE0-3CBB08E0CD22}.ReleaseNOSSE|x64.Build.0 = ReleaseNOSSE|x64
		{350B721F-9E77-4FBE-AEE0-3CBB08E0CD22}.SharedDebug|Win32.ActiveCfg = SharedDebug|Win32
		{350B721F-9E77-4FBE-AEE0-3CBB08E0CD22}.SharedDebug|Win32.Build.0 = SharedDebug|Win32
		{350B721F-9E77-4FBE-AEE0-3CBB08E0CD22}.SharedDebug|x64.ActiveCfg = SharedDebug|x64
		{350B721F-9E77-4FBE-AEE0-3CBB08E0CD22}.SharedDebug|x64.Build.0 = SharedDebug|x64
		{350B721F-9E77-4FBE-AEE0-3CBB08E0CD22}.SharedRelease|Win32.ActiveCfg = SharedRelease|Win32
		{350B721F-9E77-4FBE-AEE0-3CBB08E0CD22}.SharedRelease|Win32.Build.0 = SharedRelease|Win32
		{350B721F-9E77-4FBE-AEE0-3CBB08E0CD22}.SharedRelease|x64.ActiveCfg = SharedRelease|x64
		{350B721F-9E77-4FBE-AEE0-3CBB08E0CD22}.SharedRelease|x64.Build.0 = SharedRelease|x64
	EndGlobalSection
	GlobalSection(SolutionProperties) = preSolution
		HideSolutionNode = FALSE
	EndGlobalSection
EndGlobal
